// !$*UTF8*$!
{
	archiveVersion = 1;
	classes = {
	};
	objectVersion = 55;
	objects = {

/* Begin PBXBuildFile section */
		B89B97A52897BFFA00A5CB1F /* AppDelegate.swift in Sources */ = {isa = PBXBuildFile; fileRef = B89B97A42897BFFA00A5CB1F /* AppDelegate.swift */; };
		B89B97A72897BFFA00A5CB1F /* SceneDelegate.swift in Sources */ = {isa = PBXBuildFile; fileRef = B89B97A62897BFFA00A5CB1F /* SceneDelegate.swift */; };
		B89B97A92897BFFA00A5CB1F /* ViewController.swift in Sources */ = {isa = PBXBuildFile; fileRef = B89B97A82897BFFA00A5CB1F /* ViewController.swift */; };
		B89B97AC2897BFFA00A5CB1F /* Main.storyboard in Resources */ = {isa = PBXBuildFile; fileRef = B89B97AA2897BFFA00A5CB1F /* Main.storyboard */; };
		B89B97AE2897BFFE00A5CB1F /* Assets.xcassets in Resources */ = {isa = PBXBuildFile; fileRef = B89B97AD2897BFFE00A5CB1F /* Assets.xcassets */; };
		B89B97B12897BFFE00A5CB1F /* LaunchScreen.storyboard in Resources */ = {isa = PBXBuildFile; fileRef = B89B97AF2897BFFE00A5CB1F /* LaunchScreen.storyboard */; };
		B89B97BA2897C02D00A5CB1F /* RxCocoa in Frameworks */ = {isa = PBXBuildFile; productRef = B89B97B92897C02D00A5CB1F /* RxCocoa */; };
		B89B97BC2897C02D00A5CB1F /* RxSwift in Frameworks */ = {isa = PBXBuildFile; productRef = B89B97BB2897C02D00A5CB1F /* RxSwift */; };
/* End PBXBuildFile section */

/* Begin PBXFileReference section */
		B89B97A12897BFFA00A5CB1F /* Ex11RxSwiftPractice2.app */ = {isa = PBXFileReference; explicitFileType = wrapper.application; includeInIndex = 0; path = Ex11RxSwiftPractice2.app; sourceTree = BUILT_PRODUCTS_DIR; };
		B89B97A42897BFFA00A5CB1F /* AppDelegate.swift */ = {isa = PBXFileReference; lastKnownFileType = sourcecode.swift; path = AppDelegate.swift; sourceTree = "<group>"; };
		B89B97A62897BFFA00A5CB1F /* SceneDelegate.swift */ = {isa = PBXFileReference; lastKnownFileType = sourcecode.swift; path = SceneDelegate.swift; sourceTree = "<group>"; };
		B89B97A82897BFFA00A5CB1F /* ViewController.swift */ = {isa = PBXFileReference; lastKnownFileType = sourcecode.swift; path = ViewController.swift; sourceTree = "<group>"; };
		B89B97AB2897BFFA00A5CB1F /* Base */ = {isa = PBXFileReference; lastKnownFileType = file.storyboard; name = Base; path = Base.lproj/Main.storyboard; sourceTree = "<group>"; };
		B89B97AD2897BFFE00A5CB1F /* Assets.xcassets */ = {isa = PBXFileReference; lastKnownFileType = folder.assetcatalog; path = Assets.xcassets; sourceTree = "<group>"; };
		B89B97B02897BFFE00A5CB1F /* Base */ = {isa = PBXFileReference; lastKnownFileType = file.storyboard; name = Base; path = Base.lproj/LaunchScreen.storyboard; sourceTree = "<group>"; };
		B89B97B22897BFFE00A5CB1F /* Info.plist */ = {isa = PBXFileReference; lastKnownFileType = text.plist.xml; path = Info.plist; sourceTree = "<group>"; };
		B89B97BD2897C03F00A5CB1F /* CombiningOper.playground */ = {isa = PBXFileReference; lastKnownFileType = file.playground; path = CombiningOper.playground; sourceTree = "<group>"; xcLanguageSpecificationIdentifier = xcode.lang.swift; };
		B89B97BE2897E82F00A5CB1F /* TimeBaseOper.playground */ = {isa = PBXFileReference; lastKnownFileType = file.playground; path = TimeBaseOper.playground; sourceTree = "<group>"; xcLanguageSpecificationIdentifier = xcode.lang.swift; };
/* End PBXFileReference section */

/* Begin PBXFrameworksBuildPhase section */
		B89B979E2897BFFA00A5CB1F /* Frameworks */ = {
			isa = PBXFrameworksBuildPhase;
			buildActionMask = 2147483647;
			files = (
				B89B97BC2897C02D00A5CB1F /* RxSwift in Frameworks */,
				B89B97BA2897C02D00A5CB1F /* RxCocoa in Frameworks */,
			);
			runOnlyForDeploymentPostprocessing = 0;
		};
/* End PBXFrameworksBuildPhase section */

/* Begin PBXGroup section */
		B89B97982897BFFA00A5CB1F = {
			isa = PBXGroup;
			children = (
				B89B97A32897BFFA00A5CB1F /* Ex11RxSwiftPractice2 */,
				B89B97A22897BFFA00A5CB1F /* Products */,
			);
			sourceTree = "<group>";
		};
		B89B97A22897BFFA00A5CB1F /* Products */ = {
			isa = PBXGroup;
			children = (
				B89B97A12897BFFA00A5CB1F /* Ex11RxSwiftPractice2.app */,
			);
			name = Products;
			sourceTree = "<group>";
		};
		B89B97A32897BFFA00A5CB1F /* Ex11RxSwiftPractice2 */ = {
			isa = PBXGroup;
			children = (
				B89B97A42897BFFA00A5CB1F /* AppDelegate.swift */,
				B89B97A62897BFFA00A5CB1F /* SceneDelegate.swift */,
				B89B97A82897BFFA00A5CB1F /* ViewController.swift */,
				B89B97AA2897BFFA00A5CB1F /* Main.storyboard */,
				B89B97AD2897BFFE00A5CB1F /* Assets.xcassets */,
				B89B97AF2897BFFE00A5CB1F /* LaunchScreen.storyboard */,
				B89B97B22897BFFE00A5CB1F /* Info.plist */,
				B89B97BD2897C03F00A5CB1F /* CombiningOper.playground */,
				B89B97BE2897E82F00A5CB1F /* TimeBaseOper.playground */,
			);
			path = Ex11RxSwiftPractice2;
			sourceTree = "<group>";
		};
/* End PBXGroup section */

/* Begin PBXNativeTarget section */
		B89B97A02897BFFA00A5CB1F /* Ex11RxSwiftPractice2 */ = {
			isa = PBXNativeTarget;
			buildConfigurationList = B89B97B52897BFFE00A5CB1F /* Build configuration list for PBXNativeTarget "Ex11RxSwiftPractice2" */;
			buildPhases = (
				B89B979D2897BFFA00A5CB1F /* Sources */,
				B89B979E2897BFFA00A5CB1F /* Frameworks */,
				B89B979F2897BFFA00A5CB1F /* Resources */,
			);
			buildRules = (
			);
			dependencies = (
			);
			name = Ex11RxSwiftPractice2;
			packageProductDependencies = (
				B89B97B92897C02D00A5CB1F /* RxCocoa */,
				B89B97BB2897C02D00A5CB1F /* RxSwift */,
			);
			productName = Ex11RxSwiftPractice2;
			productReference = B89B97A12897BFFA00A5CB1F /* Ex11RxSwiftPractice2.app */;
			productType = "com.apple.product-type.application";
		};
/* End PBXNativeTarget section */

/* Begin PBXProject section */
		B89B97992897BFFA00A5CB1F /* Project object */ = {
			isa = PBXProject;
			attributes = {
				BuildIndependentTargetsInParallel = 1;
				LastSwiftUpdateCheck = 1340;
				LastUpgradeCheck = 1340;
				TargetAttributes = {
					B89B97A02897BFFA00A5CB1F = {
						CreatedOnToolsVersion = 13.4.1;
					};
				};
			};
			buildConfigurationList = B89B979C2897BFFA00A5CB1F /* Build configuration list for PBXProject "Ex11RxSwiftPractice2" */;
			compatibilityVersion = "Xcode 13.0";
			developmentRegion = en;
			hasScannedForEncodings = 0;
			knownRegions = (
				en,
				Base,
			);
			mainGroup = B89B97982897BFFA00A5CB1F;
			packageReferences = (
				B89B97B82897C02D00A5CB1F /* XCRemoteSwiftPackageReference "RxSwift" */,
			);
			productRefGroup = B89B97A22897BFFA00A5CB1F /* Products */;
			projectDirPath = "";
			projectRoot = "";
			targets = (
				B89B97A02897BFFA00A5CB1F /* Ex11RxSwiftPractice2 */,
			);
		};
/* End PBXProject section */

/* Begin PBXResourcesBuildPhase section */
		B89B979F2897BFFA00A5CB1F /* Resources */ = {
			isa = PBXResourcesBuildPhase;
			buildActionMask = 2147483647;
			files = (
				B89B97B12897BFFE00A5CB1F /* LaunchScreen.storyboard in Resources */,
				B89B97AE2897BFFE00A5CB1F /* Assets.xcassets in Resources */,
				B89B97AC2897BFFA00A5CB1F /* Main.storyboard in Resources */,
			);
			runOnlyForDeploymentPostprocessing = 0;
		};
/* End PBXResourcesBuildPhase section */

/* Begin PBXSourcesBuildPhase section */
		B89B979D2897BFFA00A5CB1F /* Sources */ = {
			isa = PBXSourcesBuildPhase;
			buildActionMask = 2147483647;
			files = (
				B89B97A92897BFFA00A5CB1F /* ViewController.swift in Sources */,
				B89B97A52897BFFA00A5CB1F /* AppDelegate.swift in Sources */,
				B89B97A72897BFFA00A5CB1F /* SceneDelegate.swift in Sources */,
			);
			runOnlyForDeploymentPostprocessing = 0;
		};
/* End PBXSourcesBuildPhase section */

/* Begin PBXVariantGroup section */
		B89B97AA2897BFFA00A5CB1F /* Main.storyboard */ = {
			isa = PBXVariantGroup;
			children = (
				B89B97AB2897BFFA00A5CB1F /* Base */,
			);
			name = Main.storyboard;
			sourceTree = "<group>";
		};
		B89B97AF2897BFFE00A5CB1F /* LaunchScreen.storyboard */ = {
			isa = PBXVariantGroup;
			children = (
				B89B97B02897BFFE00A5CB1F /* Base */,
			);
			name = LaunchScreen.storyboard;
			sourceTree = "<group>";
		};
/* End PBXVariantGroup section */

/* Begin XCBuildConfiguration section */
		B89B97B32897BFFE00A5CB1F /* Debug */ = {
			isa = XCBuildConfiguration;
			buildSettings = {
				ALWAYS_SEARCH_USER_PATHS = NO;
				CLANG_ANALYZER_NONNULL = YES;
				CLANG_ANALYZER_NUMBER_OBJECT_CONVERSION = YES_AGGRESSIVE;
				CLANG_CXX_LANGUAGE_STANDARD = "gnu++17";
				CLANG_ENABLE_MODULES = YES;
				CLANG_ENABLE_OBJC_ARC = YES;
				CLANG_ENABLE_OBJC_WEAK = YES;
				CLANG_WARN_BLOCK_CAPTURE_AUTORELEASING = YES;
				CLANG_WARN_BOOL_CONVERSION = YES;
				CLANG_WARN_COMMA = YES;
				CLANG_WARN_CONSTANT_CONVERSION = YES;
				CLANG_WARN_DEPRECATED_OBJC_IMPLEMENTATIONS = YES;
				CLANG_WARN_DIRECT_OBJC_ISA_USAGE = YES_ERROR;
				CLANG_WARN_DOCUMENTATION_COMMENTS = YES;
				CLANG_WARN_EMPTY_BODY = YES;
				CLANG_WARN_ENUM_CONVERSION = YES;
				CLANG_WARN_INFINITE_RECURSION = YES;
				CLANG_WARN_INT_CONVERSION = YES;
				CLANG_WARN_NON_LITERAL_NULL_CONVERSION = YES;
				CLANG_WARN_OBJC_IMPLICIT_RETAIN_SELF = YES;
				CLANG_WARN_OBJC_LITERAL_CONVERSION = YES;
				CLANG_WARN_OBJC_ROOT_CLASS = YES_ERROR;
				CLANG_WARN_QUOTED_INCLUDE_IN_FRAMEWORK_HEADER = YES;
				CLANG_WARN_RANGE_LOOP_ANALYSIS = YES;
				CLANG_WARN_STRICT_PROTOTYPES = YES;
				CLANG_WARN_SUSPICIOUS_MOVE = YES;
				CLANG_WARN_UNGUARDED_AVAILABILITY = YES_AGGRESSIVE;
				CLANG_WARN_UNREACHABLE_CODE = YES;
				CLANG_WARN__DUPLICATE_METHOD_MATCH = YES;
				COPY_PHASE_STRIP = NO;
				DEBUG_INFORMATION_FORMAT = dwarf;
				ENABLE_STRICT_OBJC_MSGSEND = YES;
				ENABLE_TESTABILITY = YES;
				GCC_C_LANGUAGE_STANDARD = gnu11;
				GCC_DYNAMIC_NO_PIC = NO;
				GCC_NO_COMMON_BLOCKS = YES;
				GCC_OPTIMIZATION_LEVEL = 0;
				GCC_PREPROCESSOR_DEFINITIONS = (
					"DEBUG=1",
					"$(inherited)",
				);
				GCC_WARN_64_TO_32_BIT_CONVERSION = YES;
				GCC_WARN_ABOUT_RETURN_TYPE = YES_ERROR;
				GCC_WARN_UNDECLARED_SELECTOR = YES;
				GCC_WARN_UNINITIALIZED_AUTOS = YES_AGGRESSIVE;
				GCC_WARN_UNUSED_FUNCTION = YES;
				GCC_WARN_UNUSED_VARIABLE = YES;
				IPHONEOS_DEPLOYMENT_TARGET = 15.5;
				MTL_ENABLE_DEBUG_INFO = INCLUDE_SOURCE;
				MTL_FAST_MATH = YES;
				ONLY_ACTIVE_ARCH = YES;
				SDKROOT = iphoneos;
				SWIFT_ACTIVE_COMPILATION_CONDITIONS = DEBUG;
				SWIFT_OPTIMIZATION_LEVEL = "-Onone";
			};
			name = Debug;
		};
		B89B97B42897BFFE00A5CB1F /* Release */ = {
			isa = XCBuildConfiguration;
			buildSettings = {
				ALWAYS_SEARCH_USER_PATHS = NO;
				CLANG_ANALYZER_NONNULL = YES;
				CLANG_ANALYZER_NUMBER_OBJECT_CONVERSION = YES_AGGRESSIVE;
				CLANG_CXX_LANGUAGE_STANDARD = "gnu++17";
				CLANG_ENABLE_MODULES = YES;
				CLANG_ENABLE_OBJC_ARC = YES;
				CLANG_ENABLE_OBJC_WEAK = YES;
				CLANG_WARN_BLOCK_CAPTURE_AUTORELEASING = YES;
				CLANG_WARN_BOOL_CONVERSION = YES;
				CLANG_WARN_COMMA = YES;
				CLANG_WARN_CONSTANT_CONVERSION = YES;
				CLANG_WARN_DEPRECATED_OBJC_IMPLEMENTATIONS = YES;
				CLANG_WARN_DIRECT_OBJC_ISA_USAGE = YES_ERROR;
				CLANG_WARN_DOCUMENTATION_COMMENTS = YES;
				CLANG_WARN_EMPTY_BODY = YES;
				CLANG_WARN_ENUM_CONVERSION = YES;
				CLANG_WARN_INFINITE_RECURSION = YES;
				CLANG_WARN_INT_CONVERSION = YES;
				CLANG_WARN_NON_LITERAL_NULL_CONVERSION = YES;
				CLANG_WARN_OBJC_IMPLICIT_RETAIN_SELF = YES;
				CLANG_WARN_OBJC_LITERAL_CONVERSION = YES;
				CLANG_WARN_OBJC_ROOT_CLASS = YES_ERROR;
				CLANG_WARN_QUOTED_INCLUDE_IN_FRAMEWORK_HEADER = YES;
				CLANG_WARN_RANGE_LOOP_ANALYSIS = YES;
				CLANG_WARN_STRICT_PROTOTYPES = YES;
				CLANG_WARN_SUSPICIOUS_MOVE = YES;
				CLANG_WARN_UNGUARDED_AVAILABILITY = YES_AGGRESSIVE;
				CLANG_WARN_UNREACHABLE_CODE = YES;
				CLANG_WARN__DUPLICATE_METHOD_MATCH = YES;
				COPY_PHASE_STRIP = NO;
				DEBUG_INFORMATION_FORMAT = "dwarf-with-dsym";
				ENABLE_NS_ASSERTIONS = NO;
				ENABLE_STRICT_OBJC_MSGSEND = YES;
				GCC_C_LANGUAGE_STANDARD = gnu11;
				GCC_NO_COMMON_BLOCKS = YES;
				GCC_WARN_64_TO_32_BIT_CONVERSION = YES;
				GCC_WARN_ABOUT_RETURN_TYPE = YES_ERROR;
				GCC_WARN_UNDECLARED_SELECTOR = YES;
				GCC_WARN_UNINITIALIZED_AUTOS = YES_AGGRESSIVE;
				GCC_WARN_UNUSED_FUNCTION = YES;
				GCC_WARN_UNUSED_VARIABLE = YES;
				IPHONEOS_DEPLOYMENT_TARGET = 15.5;
				MTL_ENABLE_DEBUG_INFO = NO;
				MTL_FAST_MATH = YES;
				SDKROOT = iphoneos;
				SWIFT_COMPILATION_MODE = wholemodule;
				SWIFT_OPTIMIZATION_LEVEL = "-O";
				VALIDATE_PRODUCT = YES;
			};
			name = Release;
		};
		B89B97B62897BFFE00A5CB1F /* Debug */ = {
			isa = XCBuildConfiguration;
			buildSettings = {
				ASSETCATALOG_COMPILER_APPICON_NAME = AppIcon;
				ASSETCATALOG_COMPILER_GLOBAL_ACCENT_COLOR_NAME = AccentColor;
				CODE_SIGN_STYLE = Automatic;
				CURRENT_PROJECT_VERSION = 1;
				GENERATE_INFOPLIST_FILE = YES;
				INFOPLIST_FILE = Ex11RxSwiftPractice2/Info.plist;
				INFOPLIST_KEY_UIApplicationSupportsIndirectInputEvents = YES;
				INFOPLIST_KEY_UILaunchStoryboardName = LaunchScreen;
				INFOPLIST_KEY_UIMainStoryboardFile = Main;
				INFOPLIST_KEY_UISupportedInterfaceOrientations_iPad = "UIInterfaceOrientationPortrait UIInterfaceOrientationPortraitUpsideDown UIInterfaceOrientationLandscapeLeft UIInterfaceOrientationLandscapeRight";
				INFOPLIST_KEY_UISupportedInterfaceOrientations_iPhone = "UIInterfaceOrientationPortrait UIInterfaceOrientationLandscapeLeft UIInterfaceOrientationLandscapeRight";
				LD_RUNPATH_SEARCH_PATHS = (
					"$(inherited)",
					"@executable_path/Frameworks",
				);
				MARKETING_VERSION = 1.0;
				PRODUCT_BUNDLE_IDENTIFIER = "com.will-d.Ex11RxSwiftPractice2";
				PRODUCT_NAME = "$(TARGET_NAME)";
				SWIFT_EMIT_LOC_STRINGS = YES;
				SWIFT_VERSION = 5.0;
				TARGETED_DEVICE_FAMILY = "1,2";
			};
			name = Debug;
		};
		B89B97B72897BFFE00A5CB1F /* Release */ = {
			isa = XCBuildConfiguration;
			buildSettings = {
				ASSETCATALOG_COMPILER_APPICON_NAME = AppIcon;
				ASSETCATALOG_COMPILER_GLOBAL_ACCENT_COLOR_NAME = AccentColor;
				CODE_SIGN_STYLE = Automatic;
				CURRENT_PROJECT_VERSION = 1;
				GENERATE_INFOPLIST_FILE = YES;
				INFOPLIST_FILE = Ex11RxSwiftPractice2/Info.plist;
				INFOPLIST_KEY_UIApplicationSupportsIndirectInputEvents = YES;
				INFOPLIST_KEY_UILaunchStoryboardName = LaunchScreen;
				INFOPLIST_KEY_UIMainStoryboardFile = Main;
				INFOPLIST_KEY_UISupportedInterfaceOrientations_iPad = "UIInterfaceOrientationPortrait UIInterfaceOrientationPortraitUpsideDown UIInterfaceOrientationLandscapeLeft UIInterfaceOrientationLandscapeRight";
				INFOPLIST_KEY_UISupportedInterfaceOrientations_iPhone = "UIInterfaceOrientationPortrait UIInterfaceOrientationLandscapeLeft UIInterfaceOrientationLandscapeRight";
				LD_RUNPATH_SEARCH_PATHS = (
					"$(inherited)",
					"@executable_path/Frameworks",
				);
				MARKETING_VERSION = 1.0;
				PRODUCT_BUNDLE_IDENTIFIER = "com.will-d.Ex11RxSwiftPractice2";
				PRODUCT_NAME = "$(TARGET_NAME)";
				SWIFT_EMIT_LOC_STRINGS = YES;
				SWIFT_VERSION = 5.0;
				TARGETED_DEVICE_FAMILY = "1,2";
			};
			name = Release;
		};
/* End XCBuildConfiguration section */

/* Begin XCConfigurationList section */
		B89B979C2897BFFA00A5CB1F /* Build configuration list for PBXProject "Ex11RxSwiftPractice2" */ = {
			isa = XCConfigurationList;
			buildConfigurations = (
				B89B97B32897BFFE00A5CB1F /* Debug */,
				B89B97B42897BFFE00A5CB1F /* Release */,
			);
			defaultConfigurationIsVisible = 0;
			defaultConfigurationName = Release;
		};
		B89B97B52897BFFE00A5CB1F /* Build configuration list for PBXNativeTarget "Ex11RxSwiftPractice2" */ = {
			isa = XCConfigurationList;
			buildConfigurations = (
				B89B97B62897BFFE00A5CB1F /* Debug */,
				B89B97B72897BFFE00A5CB1F /* Release */,
			);
			defaultConfigurationIsVisible = 0;
			defaultConfigurationName = Release;
		};
/* End XCConfigurationList section */

/* Begin XCRemoteSwiftPackageReference section */
		B89B97B82897C02D00A5CB1F /* XCRemoteSwiftPackageReference "RxSwift" */ = {
			isa = XCRemoteSwiftPackageReference;
			repositoryURL = "https://github.com/ReactiveX/RxSwift";
			requirement = {
				branch = main;
				kind = branch;
			};
		};
/* End XCRemoteSwiftPackageReference section */

/* Begin XCSwiftPackageProductDependency section */
		B89B97B92897C02D00A5CB1F /* RxCocoa */ = {
			isa = XCSwiftPackageProductDependency;
			package = B89B97B82897C02D00A5CB1F /* XCRemoteSwiftPackageReference "RxSwift" */;
			productName = RxCocoa;
		};
		B89B97BB2897C02D00A5CB1F /* RxSwift */ = {
			isa = XCSwiftPackageProductDependency;
			package = B89B97B82897C02D00A5CB1F /* XCRemoteSwiftPackageReference "RxSwift" */;
			productName = RxSwift;
		};
/* End XCSwiftPackageProductDependency section */
	};
	rootObject = B89B97992897BFFA00A5CB1F /* Project object */;
}
