// !$*UTF8*$!
{
	archiveVersion = 1;
	classes = {
	};
	objectVersion = 55;
	objects = {

/* Begin PBXBuildFile section */
		B803CB92289CD4890013393A /* AppDelegate.swift in Sources */ = {isa = PBXBuildFile; fileRef = B803CB91289CD4890013393A /* AppDelegate.swift */; };
		B803CB94289CD4890013393A /* SceneDelegate.swift in Sources */ = {isa = PBXBuildFile; fileRef = B803CB93289CD4890013393A /* SceneDelegate.swift */; };
		B803CB96289CD4890013393A /* ViewController.swift in Sources */ = {isa = PBXBuildFile; fileRef = B803CB95289CD4890013393A /* ViewController.swift */; };
		B803CB99289CD4890013393A /* Main.storyboard in Resources */ = {isa = PBXBuildFile; fileRef = B803CB97289CD4890013393A /* Main.storyboard */; };
		B803CB9B289CD48C0013393A /* Assets.xcassets in Resources */ = {isa = PBXBuildFile; fileRef = B803CB9A289CD48C0013393A /* Assets.xcassets */; };
		B803CB9E289CD48C0013393A /* LaunchScreen.storyboard in Resources */ = {isa = PBXBuildFile; fileRef = B803CB9C289CD48C0013393A /* LaunchScreen.storyboard */; };
		B803CBA7289CD4E70013393A /* RxCocoa in Frameworks */ = {isa = PBXBuildFile; productRef = B803CBA6289CD4E70013393A /* RxCocoa */; };
		B803CBA9289CD4E70013393A /* RxRelay in Frameworks */ = {isa = PBXBuildFile; productRef = B803CBA8289CD4E70013393A /* RxRelay */; };
		B803CBAB289CD4E70013393A /* RxSwift in Frameworks */ = {isa = PBXBuildFile; productRef = B803CBAA289CD4E70013393A /* RxSwift */; };
/* End PBXBuildFile section */

/* Begin PBXFileReference section */
		B803CB8E289CD4890013393A /* Ex15RxOperatorMPractice.app */ = {isa = PBXFileReference; explicitFileType = wrapper.application; includeInIndex = 0; path = Ex15RxOperatorMPractice.app; sourceTree = BUILT_PRODUCTS_DIR; };
		B803CB91289CD4890013393A /* AppDelegate.swift */ = {isa = PBXFileReference; lastKnownFileType = sourcecode.swift; path = AppDelegate.swift; sourceTree = "<group>"; };
		B803CB93289CD4890013393A /* SceneDelegate.swift */ = {isa = PBXFileReference; lastKnownFileType = sourcecode.swift; path = SceneDelegate.swift; sourceTree = "<group>"; };
		B803CB95289CD4890013393A /* ViewController.swift */ = {isa = PBXFileReference; lastKnownFileType = sourcecode.swift; path = ViewController.swift; sourceTree = "<group>"; };
		B803CB98289CD4890013393A /* Base */ = {isa = PBXFileReference; lastKnownFileType = file.storyboard; name = Base; path = Base.lproj/Main.storyboard; sourceTree = "<group>"; };
		B803CB9A289CD48C0013393A /* Assets.xcassets */ = {isa = PBXFileReference; lastKnownFileType = folder.assetcatalog; path = Assets.xcassets; sourceTree = "<group>"; };
		B803CB9D289CD48C0013393A /* Base */ = {isa = PBXFileReference; lastKnownFileType = file.storyboard; name = Base; path = Base.lproj/LaunchScreen.storyboard; sourceTree = "<group>"; };
		B803CB9F289CD48C0013393A /* Info.plist */ = {isa = PBXFileReference; lastKnownFileType = text.plist.xml; path = Info.plist; sourceTree = "<group>"; };
/* End PBXFileReference section */

/* Begin PBXFrameworksBuildPhase section */
		B803CB8B289CD4890013393A /* Frameworks */ = {
			isa = PBXFrameworksBuildPhase;
			buildActionMask = 2147483647;
			files = (
				B803CBAB289CD4E70013393A /* RxSwift in Frameworks */,
				B803CBA9289CD4E70013393A /* RxRelay in Frameworks */,
				B803CBA7289CD4E70013393A /* RxCocoa in Frameworks */,
			);
			runOnlyForDeploymentPostprocessing = 0;
		};
/* End PBXFrameworksBuildPhase section */

/* Begin PBXGroup section */
		B803CB85289CD4890013393A = {
			isa = PBXGroup;
			children = (
				B803CB90289CD4890013393A /* Ex15RxOperatorMPractice */,
				B803CB8F289CD4890013393A /* Products */,
			);
			sourceTree = "<group>";
		};
		B803CB8F289CD4890013393A /* Products */ = {
			isa = PBXGroup;
			children = (
				B803CB8E289CD4890013393A /* Ex15RxOperatorMPractice.app */,
			);
			name = Products;
			sourceTree = "<group>";
		};
		B803CB90289CD4890013393A /* Ex15RxOperatorMPractice */ = {
			isa = PBXGroup;
			children = (
				B803CB91289CD4890013393A /* AppDelegate.swift */,
				B803CB93289CD4890013393A /* SceneDelegate.swift */,
				B803CB95289CD4890013393A /* ViewController.swift */,
				B803CB97289CD4890013393A /* Main.storyboard */,
				B803CB9A289CD48C0013393A /* Assets.xcassets */,
				B803CB9C289CD48C0013393A /* LaunchScreen.storyboard */,
				B803CB9F289CD48C0013393A /* Info.plist */,
			);
			path = Ex15RxOperatorMPractice;
			sourceTree = "<group>";
		};
/* End PBXGroup section */

/* Begin PBXNativeTarget section */
		B803CB8D289CD4890013393A /* Ex15RxOperatorMPractice */ = {
			isa = PBXNativeTarget;
			buildConfigurationList = B803CBA2289CD48C0013393A /* Build configuration list for PBXNativeTarget "Ex15RxOperatorMPractice" */;
			buildPhases = (
				B803CB8A289CD4890013393A /* Sources */,
				B803CB8B289CD4890013393A /* Frameworks */,
				B803CB8C289CD4890013393A /* Resources */,
			);
			buildRules = (
			);
			dependencies = (
			);
			name = Ex15RxOperatorMPractice;
			packageProductDependencies = (
				B803CBA6289CD4E70013393A /* RxCocoa */,
				B803CBA8289CD4E70013393A /* RxRelay */,
				B803CBAA289CD4E70013393A /* RxSwift */,
			);
			productName = Ex15RxOperatorMPractice;
			productReference = B803CB8E289CD4890013393A /* Ex15RxOperatorMPractice.app */;
			productType = "com.apple.product-type.application";
		};
/* End PBXNativeTarget section */

/* Begin PBXProject section */
		B803CB86289CD4890013393A /* Project object */ = {
			isa = PBXProject;
			attributes = {
				BuildIndependentTargetsInParallel = 1;
				LastSwiftUpdateCheck = 1340;
				LastUpgradeCheck = 1340;
				TargetAttributes = {
					B803CB8D289CD4890013393A = {
						CreatedOnToolsVersion = 13.4.1;
					};
				};
			};
			buildConfigurationList = B803CB89289CD4890013393A /* Build configuration list for PBXProject "Ex15RxOperatorMPractice" */;
			compatibilityVersion = "Xcode 13.0";
			developmentRegion = en;
			hasScannedForEncodings = 0;
			knownRegions = (
				en,
				Base,
			);
			mainGroup = B803CB85289CD4890013393A;
			packageReferences = (
				B803CBA5289CD4E70013393A /* XCRemoteSwiftPackageReference "RxSwift" */,
			);
			productRefGroup = B803CB8F289CD4890013393A /* Products */;
			projectDirPath = "";
			projectRoot = "";
			targets = (
				B803CB8D289CD4890013393A /* Ex15RxOperatorMPractice */,
			);
		};
/* End PBXProject section */

/* Begin PBXResourcesBuildPhase section */
		B803CB8C289CD4890013393A /* Resources */ = {
			isa = PBXResourcesBuildPhase;
			buildActionMask = 2147483647;
			files = (
				B803CB9E289CD48C0013393A /* LaunchScreen.storyboard in Resources */,
				B803CB9B289CD48C0013393A /* Assets.xcassets in Resources */,
				B803CB99289CD4890013393A /* Main.storyboard in Resources */,
			);
			runOnlyForDeploymentPostprocessing = 0;
		};
/* End PBXResourcesBuildPhase section */

/* Begin PBXSourcesBuildPhase section */
		B803CB8A289CD4890013393A /* Sources */ = {
			isa = PBXSourcesBuildPhase;
			buildActionMask = 2147483647;
			files = (
				B803CB96289CD4890013393A /* ViewController.swift in Sources */,
				B803CB92289CD4890013393A /* AppDelegate.swift in Sources */,
				B803CB94289CD4890013393A /* SceneDelegate.swift in Sources */,
			);
			runOnlyForDeploymentPostprocessing = 0;
		};
/* End PBXSourcesBuildPhase section */

/* Begin PBXVariantGroup section */
		B803CB97289CD4890013393A /* Main.storyboard */ = {
			isa = PBXVariantGroup;
			children = (
				B803CB98289CD4890013393A /* Base */,
			);
			name = Main.storyboard;
			sourceTree = "<group>";
		};
		B803CB9C289CD48C0013393A /* LaunchScreen.storyboard */ = {
			isa = PBXVariantGroup;
			children = (
				B803CB9D289CD48C0013393A /* Base */,
			);
			name = LaunchScreen.storyboard;
			sourceTree = "<group>";
		};
/* End PBXVariantGroup section */

/* Begin XCBuildConfiguration section */
		B803CBA0289CD48C0013393A /* Debug */ = {
			isa = XCBuildConfiguration;
			buildSettings = {
				ALWAYS_SEARCH_USER_PATHS = NO;
				CLANG_ANALYZER_NONNULL = YES;
				CLANG_ANALYZER_NUMBER_OBJECT_CONVERSION = YES_AGGRESSIVE;
				CLANG_CXX_LANGUAGE_STANDARD = "gnu++17";
				CLANG_ENABLE_MODULES = YES;
				CLANG_ENABLE_OBJC_ARC = YES;
				CLANG_ENABLE_OBJC_WEAK = YES;
				CLANG_WARN_BLOCK_CAPTURE_AUTORELEASING = YES;
				CLANG_WARN_BOOL_CONVERSION = YES;
				CLANG_WARN_COMMA = YES;
				CLANG_WARN_CONSTANT_CONVERSION = YES;
				CLANG_WARN_DEPRECATED_OBJC_IMPLEMENTATIONS = YES;
				CLANG_WARN_DIRECT_OBJC_ISA_USAGE = YES_ERROR;
				CLANG_WARN_DOCUMENTATION_COMMENTS = YES;
				CLANG_WARN_EMPTY_BODY = YES;
				CLANG_WARN_ENUM_CONVERSION = YES;
				CLANG_WARN_INFINITE_RECURSION = YES;
				CLANG_WARN_INT_CONVERSION = YES;
				CLANG_WARN_NON_LITERAL_NULL_CONVERSION = YES;
				CLANG_WARN_OBJC_IMPLICIT_RETAIN_SELF = YES;
				CLANG_WARN_OBJC_LITERAL_CONVERSION = YES;
				CLANG_WARN_OBJC_ROOT_CLASS = YES_ERROR;
				CLANG_WARN_QUOTED_INCLUDE_IN_FRAMEWORK_HEADER = YES;
				CLANG_WARN_RANGE_LOOP_ANALYSIS = YES;
				CLANG_WARN_STRICT_PROTOTYPES = YES;
				CLANG_WARN_SUSPICIOUS_MOVE = YES;
				CLANG_WARN_UNGUARDED_AVAILABILITY = YES_AGGRESSIVE;
				CLANG_WARN_UNREACHABLE_CODE = YES;
				CLANG_WARN__DUPLICATE_METHOD_MATCH = YES;
				COPY_PHASE_STRIP = NO;
				DEBUG_INFORMATION_FORMAT = dwarf;
				ENABLE_STRICT_OBJC_MSGSEND = YES;
				ENABLE_TESTABILITY = YES;
				GCC_C_LANGUAGE_STANDARD = gnu11;
				GCC_DYNAMIC_NO_PIC = NO;
				GCC_NO_COMMON_BLOCKS = YES;
				GCC_OPTIMIZATION_LEVEL = 0;
				GCC_PREPROCESSOR_DEFINITIONS = (
					"DEBUG=1",
					"$(inherited)",
				);
				GCC_WARN_64_TO_32_BIT_CONVERSION = YES;
				GCC_WARN_ABOUT_RETURN_TYPE = YES_ERROR;
				GCC_WARN_UNDECLARED_SELECTOR = YES;
				GCC_WARN_UNINITIALIZED_AUTOS = YES_AGGRESSIVE;
				GCC_WARN_UNUSED_FUNCTION = YES;
				GCC_WARN_UNUSED_VARIABLE = YES;
				IPHONEOS_DEPLOYMENT_TARGET = 15.5;
				MTL_ENABLE_DEBUG_INFO = INCLUDE_SOURCE;
				MTL_FAST_MATH = YES;
				ONLY_ACTIVE_ARCH = YES;
				SDKROOT = iphoneos;
				SWIFT_ACTIVE_COMPILATION_CONDITIONS = DEBUG;
				SWIFT_OPTIMIZATION_LEVEL = "-Onone";
			};
			name = Debug;
		};
		B803CBA1289CD48C0013393A /* Release */ = {
			isa = XCBuildConfiguration;
			buildSettings = {
				ALWAYS_SEARCH_USER_PATHS = NO;
				CLANG_ANALYZER_NONNULL = YES;
				CLANG_ANALYZER_NUMBER_OBJECT_CONVERSION = YES_AGGRESSIVE;
				CLANG_CXX_LANGUAGE_STANDARD = "gnu++17";
				CLANG_ENABLE_MODULES = YES;
				CLANG_ENABLE_OBJC_ARC = YES;
				CLANG_ENABLE_OBJC_WEAK = YES;
				CLANG_WARN_BLOCK_CAPTURE_AUTORELEASING = YES;
				CLANG_WARN_BOOL_CONVERSION = YES;
				CLANG_WARN_COMMA = YES;
				CLANG_WARN_CONSTANT_CONVERSION = YES;
				CLANG_WARN_DEPRECATED_OBJC_IMPLEMENTATIONS = YES;
				CLANG_WARN_DIRECT_OBJC_ISA_USAGE = YES_ERROR;
				CLANG_WARN_DOCUMENTATION_COMMENTS = YES;
				CLANG_WARN_EMPTY_BODY = YES;
				CLANG_WARN_ENUM_CONVERSION = YES;
				CLANG_WARN_INFINITE_RECURSION = YES;
				CLANG_WARN_INT_CONVERSION = YES;
				CLANG_WARN_NON_LITERAL_NULL_CONVERSION = YES;
				CLANG_WARN_OBJC_IMPLICIT_RETAIN_SELF = YES;
				CLANG_WARN_OBJC_LITERAL_CONVERSION = YES;
				CLANG_WARN_OBJC_ROOT_CLASS = YES_ERROR;
				CLANG_WARN_QUOTED_INCLUDE_IN_FRAMEWORK_HEADER = YES;
				CLANG_WARN_RANGE_LOOP_ANALYSIS = YES;
				CLANG_WARN_STRICT_PROTOTYPES = YES;
				CLANG_WARN_SUSPICIOUS_MOVE = YES;
				CLANG_WARN_UNGUARDED_AVAILABILITY = YES_AGGRESSIVE;
				CLANG_WARN_UNREACHABLE_CODE = YES;
				CLANG_WARN__DUPLICATE_METHOD_MATCH = YES;
				COPY_PHASE_STRIP = NO;
				DEBUG_INFORMATION_FORMAT = "dwarf-with-dsym";
				ENABLE_NS_ASSERTIONS = NO;
				ENABLE_STRICT_OBJC_MSGSEND = YES;
				GCC_C_LANGUAGE_STANDARD = gnu11;
				GCC_NO_COMMON_BLOCKS = YES;
				GCC_WARN_64_TO_32_BIT_CONVERSION = YES;
				GCC_WARN_ABOUT_RETURN_TYPE = YES_ERROR;
				GCC_WARN_UNDECLARED_SELECTOR = YES;
				GCC_WARN_UNINITIALIZED_AUTOS = YES_AGGRESSIVE;
				GCC_WARN_UNUSED_FUNCTION = YES;
				GCC_WARN_UNUSED_VARIABLE = YES;
				IPHONEOS_DEPLOYMENT_TARGET = 15.5;
				MTL_ENABLE_DEBUG_INFO = NO;
				MTL_FAST_MATH = YES;
				SDKROOT = iphoneos;
				SWIFT_COMPILATION_MODE = wholemodule;
				SWIFT_OPTIMIZATION_LEVEL = "-O";
				VALIDATE_PRODUCT = YES;
			};
			name = Release;
		};
		B803CBA3289CD48C0013393A /* Debug */ = {
			isa = XCBuildConfiguration;
			buildSettings = {
				ASSETCATALOG_COMPILER_APPICON_NAME = AppIcon;
				ASSETCATALOG_COMPILER_GLOBAL_ACCENT_COLOR_NAME = AccentColor;
				CODE_SIGN_STYLE = Automatic;
				CURRENT_PROJECT_VERSION = 1;
				GENERATE_INFOPLIST_FILE = YES;
				INFOPLIST_FILE = Ex15RxOperatorMPractice/Info.plist;
				INFOPLIST_KEY_UIApplicationSupportsIndirectInputEvents = YES;
				INFOPLIST_KEY_UILaunchStoryboardName = LaunchScreen;
				INFOPLIST_KEY_UIMainStoryboardFile = Main;
				INFOPLIST_KEY_UISupportedInterfaceOrientations_iPad = "UIInterfaceOrientationPortrait UIInterfaceOrientationPortraitUpsideDown UIInterfaceOrientationLandscapeLeft UIInterfaceOrientationLandscapeRight";
				INFOPLIST_KEY_UISupportedInterfaceOrientations_iPhone = "UIInterfaceOrientationPortrait UIInterfaceOrientationLandscapeLeft UIInterfaceOrientationLandscapeRight";
				LD_RUNPATH_SEARCH_PATHS = (
					"$(inherited)",
					"@executable_path/Frameworks",
				);
				MARKETING_VERSION = 1.0;
				PRODUCT_BUNDLE_IDENTIFIER = "com.will-d.Ex15RxOperatorMPractice";
				PRODUCT_NAME = "$(TARGET_NAME)";
				SWIFT_EMIT_LOC_STRINGS = YES;
				SWIFT_VERSION = 5.0;
				TARGETED_DEVICE_FAMILY = "1,2";
			};
			name = Debug;
		};
		B803CBA4289CD48C0013393A /* Release */ = {
			isa = XCBuildConfiguration;
			buildSettings = {
				ASSETCATALOG_COMPILER_APPICON_NAME = AppIcon;
				ASSETCATALOG_COMPILER_GLOBAL_ACCENT_COLOR_NAME = AccentColor;
				CODE_SIGN_STYLE = Automatic;
				CURRENT_PROJECT_VERSION = 1;
				GENERATE_INFOPLIST_FILE = YES;
				INFOPLIST_FILE = Ex15RxOperatorMPractice/Info.plist;
				INFOPLIST_KEY_UIApplicationSupportsIndirectInputEvents = YES;
				INFOPLIST_KEY_UILaunchStoryboardName = LaunchScreen;
				INFOPLIST_KEY_UIMainStoryboardFile = Main;
				INFOPLIST_KEY_UISupportedInterfaceOrientations_iPad = "UIInterfaceOrientationPortrait UIInterfaceOrientationPortraitUpsideDown UIInterfaceOrientationLandscapeLeft UIInterfaceOrientationLandscapeRight";
				INFOPLIST_KEY_UISupportedInterfaceOrientations_iPhone = "UIInterfaceOrientationPortrait UIInterfaceOrientationLandscapeLeft UIInterfaceOrientationLandscapeRight";
				LD_RUNPATH_SEARCH_PATHS = (
					"$(inherited)",
					"@executable_path/Frameworks",
				);
				MARKETING_VERSION = 1.0;
				PRODUCT_BUNDLE_IDENTIFIER = "com.will-d.Ex15RxOperatorMPractice";
				PRODUCT_NAME = "$(TARGET_NAME)";
				SWIFT_EMIT_LOC_STRINGS = YES;
				SWIFT_VERSION = 5.0;
				TARGETED_DEVICE_FAMILY = "1,2";
			};
			name = Release;
		};
/* End XCBuildConfiguration section */

/* Begin XCConfigurationList section */
		B803CB89289CD4890013393A /* Build configuration list for PBXProject "Ex15RxOperatorMPractice" */ = {
			isa = XCConfigurationList;
			buildConfigurations = (
				B803CBA0289CD48C0013393A /* Debug */,
				B803CBA1289CD48C0013393A /* Release */,
			);
			defaultConfigurationIsVisible = 0;
			defaultConfigurationName = Release;
		};
		B803CBA2289CD48C0013393A /* Build configuration list for PBXNativeTarget "Ex15RxOperatorMPractice" */ = {
			isa = XCConfigurationList;
			buildConfigurations = (
				B803CBA3289CD48C0013393A /* Debug */,
				B803CBA4289CD48C0013393A /* Release */,
			);
			defaultConfigurationIsVisible = 0;
			defaultConfigurationName = Release;
		};
/* End XCConfigurationList section */

/* Begin XCRemoteSwiftPackageReference section */
		B803CBA5289CD4E70013393A /* XCRemoteSwiftPackageReference "RxSwift" */ = {
			isa = XCRemoteSwiftPackageReference;
			repositoryURL = "https://github.com/ReactiveX/RxSwift";
			requirement = {
				kind = upToNextMajorVersion;
				minimumVersion = 6.0.0;
			};
		};
/* End XCRemoteSwiftPackageReference section */

/* Begin XCSwiftPackageProductDependency section */
		B803CBA6289CD4E70013393A /* RxCocoa */ = {
			isa = XCSwiftPackageProductDependency;
			package = B803CBA5289CD4E70013393A /* XCRemoteSwiftPackageReference "RxSwift" */;
			productName = RxCocoa;
		};
		B803CBA8289CD4E70013393A /* RxRelay */ = {
			isa = XCSwiftPackageProductDependency;
			package = B803CBA5289CD4E70013393A /* XCRemoteSwiftPackageReference "RxSwift" */;
			productName = RxRelay;
		};
		B803CBAA289CD4E70013393A /* RxSwift */ = {
			isa = XCSwiftPackageProductDependency;
			package = B803CBA5289CD4E70013393A /* XCRemoteSwiftPackageReference "RxSwift" */;
			productName = RxSwift;
		};
/* End XCSwiftPackageProductDependency section */
	};
	rootObject = B803CB86289CD4890013393A /* Project object */;
}
