// !$*UTF8*$!
{
	archiveVersion = 1;
	classes = {
	};
	objectVersion = 55;
	objects = {

/* Begin PBXBuildFile section */
		B821B73A289DD8370001F4D9 /* AppDelegate.swift in Sources */ = {isa = PBXBuildFile; fileRef = B821B739289DD8370001F4D9 /* AppDelegate.swift */; };
		B821B73C289DD8370001F4D9 /* SceneDelegate.swift in Sources */ = {isa = PBXBuildFile; fileRef = B821B73B289DD8370001F4D9 /* SceneDelegate.swift */; };
		B821B743289DD83B0001F4D9 /* Assets.xcassets in Resources */ = {isa = PBXBuildFile; fileRef = B821B742289DD83B0001F4D9 /* Assets.xcassets */; };
		B821B746289DD83B0001F4D9 /* LaunchScreen.storyboard in Resources */ = {isa = PBXBuildFile; fileRef = B821B744289DD83B0001F4D9 /* LaunchScreen.storyboard */; };
		B821B74E289DD8AC0001F4D9 /* MainViewController.swift in Sources */ = {isa = PBXBuildFile; fileRef = B821B74D289DD8AC0001F4D9 /* MainViewController.swift */; };
		B821B751289DD9390001F4D9 /* RxCocoa in Frameworks */ = {isa = PBXBuildFile; productRef = B821B750289DD9390001F4D9 /* RxCocoa */; };
		B821B753289DD9390001F4D9 /* RxRelay in Frameworks */ = {isa = PBXBuildFile; productRef = B821B752289DD9390001F4D9 /* RxRelay */; };
		B821B755289DD9390001F4D9 /* RxSwift in Frameworks */ = {isa = PBXBuildFile; productRef = B821B754289DD9390001F4D9 /* RxSwift */; };
		B821B758289DF8DF0001F4D9 /* Alamofire in Frameworks */ = {isa = PBXBuildFile; productRef = B821B757289DF8DF0001F4D9 /* Alamofire */; };
/* End PBXBuildFile section */

/* Begin PBXFileReference section */
		B821B736289DD8370001F4D9 /* Ex17RxCocoaMPractice.app */ = {isa = PBXFileReference; explicitFileType = wrapper.application; includeInIndex = 0; path = Ex17RxCocoaMPractice.app; sourceTree = BUILT_PRODUCTS_DIR; };
		B821B739289DD8370001F4D9 /* AppDelegate.swift */ = {isa = PBXFileReference; lastKnownFileType = sourcecode.swift; path = AppDelegate.swift; sourceTree = "<group>"; };
		B821B73B289DD8370001F4D9 /* SceneDelegate.swift */ = {isa = PBXFileReference; lastKnownFileType = sourcecode.swift; path = SceneDelegate.swift; sourceTree = "<group>"; };
		B821B742289DD83B0001F4D9 /* Assets.xcassets */ = {isa = PBXFileReference; lastKnownFileType = folder.assetcatalog; path = Assets.xcassets; sourceTree = "<group>"; };
		B821B745289DD83B0001F4D9 /* Base */ = {isa = PBXFileReference; lastKnownFileType = file.storyboard; name = Base; path = Base.lproj/LaunchScreen.storyboard; sourceTree = "<group>"; };
		B821B747289DD83B0001F4D9 /* Info.plist */ = {isa = PBXFileReference; lastKnownFileType = text.plist.xml; path = Info.plist; sourceTree = "<group>"; };
		B821B74D289DD8AC0001F4D9 /* MainViewController.swift */ = {isa = PBXFileReference; lastKnownFileType = sourcecode.swift; path = MainViewController.swift; sourceTree = "<group>"; };
/* End PBXFileReference section */

/* Begin PBXFrameworksBuildPhase section */
		B821B733289DD8370001F4D9 /* Frameworks */ = {
			isa = PBXFrameworksBuildPhase;
			buildActionMask = 2147483647;
			files = (
				B821B755289DD9390001F4D9 /* RxSwift in Frameworks */,
				B821B758289DF8DF0001F4D9 /* Alamofire in Frameworks */,
				B821B753289DD9390001F4D9 /* RxRelay in Frameworks */,
				B821B751289DD9390001F4D9 /* RxCocoa in Frameworks */,
			);
			runOnlyForDeploymentPostprocessing = 0;
		};
/* End PBXFrameworksBuildPhase section */

/* Begin PBXGroup section */
		B821B72D289DD8370001F4D9 = {
			isa = PBXGroup;
			children = (
				B821B738289DD8370001F4D9 /* Ex17RxCocoaMPractice */,
				B821B737289DD8370001F4D9 /* Products */,
			);
			sourceTree = "<group>";
		};
		B821B737289DD8370001F4D9 /* Products */ = {
			isa = PBXGroup;
			children = (
				B821B736289DD8370001F4D9 /* Ex17RxCocoaMPractice.app */,
			);
			name = Products;
			sourceTree = "<group>";
		};
		B821B738289DD8370001F4D9 /* Ex17RxCocoaMPractice */ = {
			isa = PBXGroup;
			children = (
				B821B739289DD8370001F4D9 /* AppDelegate.swift */,
				B821B73B289DD8370001F4D9 /* SceneDelegate.swift */,
				B821B742289DD83B0001F4D9 /* Assets.xcassets */,
				B821B744289DD83B0001F4D9 /* LaunchScreen.storyboard */,
				B821B747289DD83B0001F4D9 /* Info.plist */,
				B821B74D289DD8AC0001F4D9 /* MainViewController.swift */,
			);
			path = Ex17RxCocoaMPractice;
			sourceTree = "<group>";
		};
/* End PBXGroup section */

/* Begin PBXNativeTarget section */
		B821B735289DD8370001F4D9 /* Ex17RxCocoaMPractice */ = {
			isa = PBXNativeTarget;
			buildConfigurationList = B821B74A289DD83B0001F4D9 /* Build configuration list for PBXNativeTarget "Ex17RxCocoaMPractice" */;
			buildPhases = (
				B821B732289DD8370001F4D9 /* Sources */,
				B821B733289DD8370001F4D9 /* Frameworks */,
				B821B734289DD8370001F4D9 /* Resources */,
			);
			buildRules = (
			);
			dependencies = (
			);
			name = Ex17RxCocoaMPractice;
			packageProductDependencies = (
				B821B750289DD9390001F4D9 /* RxCocoa */,
				B821B752289DD9390001F4D9 /* RxRelay */,
				B821B754289DD9390001F4D9 /* RxSwift */,
				B821B757289DF8DF0001F4D9 /* Alamofire */,
			);
			productName = Ex17RxCocoaMPractice;
			productReference = B821B736289DD8370001F4D9 /* Ex17RxCocoaMPractice.app */;
			productType = "com.apple.product-type.application";
		};
/* End PBXNativeTarget section */

/* Begin PBXProject section */
		B821B72E289DD8370001F4D9 /* Project object */ = {
			isa = PBXProject;
			attributes = {
				BuildIndependentTargetsInParallel = 1;
				LastSwiftUpdateCheck = 1340;
				LastUpgradeCheck = 1340;
				TargetAttributes = {
					B821B735289DD8370001F4D9 = {
						CreatedOnToolsVersion = 13.4.1;
					};
				};
			};
			buildConfigurationList = B821B731289DD8370001F4D9 /* Build configuration list for PBXProject "Ex17RxCocoaMPractice" */;
			compatibilityVersion = "Xcode 13.0";
			developmentRegion = en;
			hasScannedForEncodings = 0;
			knownRegions = (
				en,
				Base,
			);
			mainGroup = B821B72D289DD8370001F4D9;
			packageReferences = (
				B821B74F289DD9390001F4D9 /* XCRemoteSwiftPackageReference "RxSwift" */,
				B821B756289DF8DF0001F4D9 /* XCRemoteSwiftPackageReference "Alamofire" */,
			);
			productRefGroup = B821B737289DD8370001F4D9 /* Products */;
			projectDirPath = "";
			projectRoot = "";
			targets = (
				B821B735289DD8370001F4D9 /* Ex17RxCocoaMPractice */,
			);
		};
/* End PBXProject section */

/* Begin PBXResourcesBuildPhase section */
		B821B734289DD8370001F4D9 /* Resources */ = {
			isa = PBXResourcesBuildPhase;
			buildActionMask = 2147483647;
			files = (
				B821B746289DD83B0001F4D9 /* LaunchScreen.storyboard in Resources */,
				B821B743289DD83B0001F4D9 /* Assets.xcassets in Resources */,
			);
			runOnlyForDeploymentPostprocessing = 0;
		};
/* End PBXResourcesBuildPhase section */

/* Begin PBXSourcesBuildPhase section */
		B821B732289DD8370001F4D9 /* Sources */ = {
			isa = PBXSourcesBuildPhase;
			buildActionMask = 2147483647;
			files = (
				B821B74E289DD8AC0001F4D9 /* MainViewController.swift in Sources */,
				B821B73A289DD8370001F4D9 /* AppDelegate.swift in Sources */,
				B821B73C289DD8370001F4D9 /* SceneDelegate.swift in Sources */,
			);
			runOnlyForDeploymentPostprocessing = 0;
		};
/* End PBXSourcesBuildPhase section */

/* Begin PBXVariantGroup section */
		B821B744289DD83B0001F4D9 /* LaunchScreen.storyboard */ = {
			isa = PBXVariantGroup;
			children = (
				B821B745289DD83B0001F4D9 /* Base */,
			);
			name = LaunchScreen.storyboard;
			sourceTree = "<group>";
		};
/* End PBXVariantGroup section */

/* Begin XCBuildConfiguration section */
		B821B748289DD83B0001F4D9 /* Debug */ = {
			isa = XCBuildConfiguration;
			buildSettings = {
				ALWAYS_SEARCH_USER_PATHS = NO;
				CLANG_ANALYZER_NONNULL = YES;
				CLANG_ANALYZER_NUMBER_OBJECT_CONVERSION = YES_AGGRESSIVE;
				CLANG_CXX_LANGUAGE_STANDARD = "gnu++17";
				CLANG_ENABLE_MODULES = YES;
				CLANG_ENABLE_OBJC_ARC = YES;
				CLANG_ENABLE_OBJC_WEAK = YES;
				CLANG_WARN_BLOCK_CAPTURE_AUTORELEASING = YES;
				CLANG_WARN_BOOL_CONVERSION = YES;
				CLANG_WARN_COMMA = YES;
				CLANG_WARN_CONSTANT_CONVERSION = YES;
				CLANG_WARN_DEPRECATED_OBJC_IMPLEMENTATIONS = YES;
				CLANG_WARN_DIRECT_OBJC_ISA_USAGE = YES_ERROR;
				CLANG_WARN_DOCUMENTATION_COMMENTS = YES;
				CLANG_WARN_EMPTY_BODY = YES;
				CLANG_WARN_ENUM_CONVERSION = YES;
				CLANG_WARN_INFINITE_RECURSION = YES;
				CLANG_WARN_INT_CONVERSION = YES;
				CLANG_WARN_NON_LITERAL_NULL_CONVERSION = YES;
				CLANG_WARN_OBJC_IMPLICIT_RETAIN_SELF = YES;
				CLANG_WARN_OBJC_LITERAL_CONVERSION = YES;
				CLANG_WARN_OBJC_ROOT_CLASS = YES_ERROR;
				CLANG_WARN_QUOTED_INCLUDE_IN_FRAMEWORK_HEADER = YES;
				CLANG_WARN_RANGE_LOOP_ANALYSIS = YES;
				CLANG_WARN_STRICT_PROTOTYPES = YES;
				CLANG_WARN_SUSPICIOUS_MOVE = YES;
				CLANG_WARN_UNGUARDED_AVAILABILITY = YES_AGGRESSIVE;
				CLANG_WARN_UNREACHABLE_CODE = YES;
				CLANG_WARN__DUPLICATE_METHOD_MATCH = YES;
				COPY_PHASE_STRIP = NO;
				DEBUG_INFORMATION_FORMAT = dwarf;
				ENABLE_STRICT_OBJC_MSGSEND = YES;
				ENABLE_TESTABILITY = YES;
				GCC_C_LANGUAGE_STANDARD = gnu11;
				GCC_DYNAMIC_NO_PIC = NO;
				GCC_NO_COMMON_BLOCKS = YES;
				GCC_OPTIMIZATION_LEVEL = 0;
				GCC_PREPROCESSOR_DEFINITIONS = (
					"DEBUG=1",
					"$(inherited)",
				);
				GCC_WARN_64_TO_32_BIT_CONVERSION = YES;
				GCC_WARN_ABOUT_RETURN_TYPE = YES_ERROR;
				GCC_WARN_UNDECLARED_SELECTOR = YES;
				GCC_WARN_UNINITIALIZED_AUTOS = YES_AGGRESSIVE;
				GCC_WARN_UNUSED_FUNCTION = YES;
				GCC_WARN_UNUSED_VARIABLE = YES;
				IPHONEOS_DEPLOYMENT_TARGET = 15.5;
				MTL_ENABLE_DEBUG_INFO = INCLUDE_SOURCE;
				MTL_FAST_MATH = YES;
				ONLY_ACTIVE_ARCH = YES;
				SDKROOT = iphoneos;
				SWIFT_ACTIVE_COMPILATION_CONDITIONS = DEBUG;
				SWIFT_OPTIMIZATION_LEVEL = "-Onone";
			};
			name = Debug;
		};
		B821B749289DD83B0001F4D9 /* Release */ = {
			isa = XCBuildConfiguration;
			buildSettings = {
				ALWAYS_SEARCH_USER_PATHS = NO;
				CLANG_ANALYZER_NONNULL = YES;
				CLANG_ANALYZER_NUMBER_OBJECT_CONVERSION = YES_AGGRESSIVE;
				CLANG_CXX_LANGUAGE_STANDARD = "gnu++17";
				CLANG_ENABLE_MODULES = YES;
				CLANG_ENABLE_OBJC_ARC = YES;
				CLANG_ENABLE_OBJC_WEAK = YES;
				CLANG_WARN_BLOCK_CAPTURE_AUTORELEASING = YES;
				CLANG_WARN_BOOL_CONVERSION = YES;
				CLANG_WARN_COMMA = YES;
				CLANG_WARN_CONSTANT_CONVERSION = YES;
				CLANG_WARN_DEPRECATED_OBJC_IMPLEMENTATIONS = YES;
				CLANG_WARN_DIRECT_OBJC_ISA_USAGE = YES_ERROR;
				CLANG_WARN_DOCUMENTATION_COMMENTS = YES;
				CLANG_WARN_EMPTY_BODY = YES;
				CLANG_WARN_ENUM_CONVERSION = YES;
				CLANG_WARN_INFINITE_RECURSION = YES;
				CLANG_WARN_INT_CONVERSION = YES;
				CLANG_WARN_NON_LITERAL_NULL_CONVERSION = YES;
				CLANG_WARN_OBJC_IMPLICIT_RETAIN_SELF = YES;
				CLANG_WARN_OBJC_LITERAL_CONVERSION = YES;
				CLANG_WARN_OBJC_ROOT_CLASS = YES_ERROR;
				CLANG_WARN_QUOTED_INCLUDE_IN_FRAMEWORK_HEADER = YES;
				CLANG_WARN_RANGE_LOOP_ANALYSIS = YES;
				CLANG_WARN_STRICT_PROTOTYPES = YES;
				CLANG_WARN_SUSPICIOUS_MOVE = YES;
				CLANG_WARN_UNGUARDED_AVAILABILITY = YES_AGGRESSIVE;
				CLANG_WARN_UNREACHABLE_CODE = YES;
				CLANG_WARN__DUPLICATE_METHOD_MATCH = YES;
				COPY_PHASE_STRIP = NO;
				DEBUG_INFORMATION_FORMAT = "dwarf-with-dsym";
				ENABLE_NS_ASSERTIONS = NO;
				ENABLE_STRICT_OBJC_MSGSEND = YES;
				GCC_C_LANGUAGE_STANDARD = gnu11;
				GCC_NO_COMMON_BLOCKS = YES;
				GCC_WARN_64_TO_32_BIT_CONVERSION = YES;
				GCC_WARN_ABOUT_RETURN_TYPE = YES_ERROR;
				GCC_WARN_UNDECLARED_SELECTOR = YES;
				GCC_WARN_UNINITIALIZED_AUTOS = YES_AGGRESSIVE;
				GCC_WARN_UNUSED_FUNCTION = YES;
				GCC_WARN_UNUSED_VARIABLE = YES;
				IPHONEOS_DEPLOYMENT_TARGET = 15.5;
				MTL_ENABLE_DEBUG_INFO = NO;
				MTL_FAST_MATH = YES;
				SDKROOT = iphoneos;
				SWIFT_COMPILATION_MODE = wholemodule;
				SWIFT_OPTIMIZATION_LEVEL = "-O";
				VALIDATE_PRODUCT = YES;
			};
			name = Release;
		};
		B821B74B289DD83B0001F4D9 /* Debug */ = {
			isa = XCBuildConfiguration;
			buildSettings = {
				ASSETCATALOG_COMPILER_APPICON_NAME = AppIcon;
				ASSETCATALOG_COMPILER_GLOBAL_ACCENT_COLOR_NAME = AccentColor;
				CODE_SIGN_STYLE = Automatic;
				CURRENT_PROJECT_VERSION = 1;
				GENERATE_INFOPLIST_FILE = YES;
				INFOPLIST_FILE = Ex17RxCocoaMPractice/Info.plist;
				INFOPLIST_KEY_UIApplicationSupportsIndirectInputEvents = YES;
				INFOPLIST_KEY_UILaunchStoryboardName = LaunchScreen;
				INFOPLIST_KEY_UISupportedInterfaceOrientations_iPad = "UIInterfaceOrientationPortrait UIInterfaceOrientationPortraitUpsideDown UIInterfaceOrientationLandscapeLeft UIInterfaceOrientationLandscapeRight";
				INFOPLIST_KEY_UISupportedInterfaceOrientations_iPhone = "UIInterfaceOrientationPortrait UIInterfaceOrientationLandscapeLeft UIInterfaceOrientationLandscapeRight";
				LD_RUNPATH_SEARCH_PATHS = (
					"$(inherited)",
					"@executable_path/Frameworks",
				);
				MARKETING_VERSION = 1.0;
				PRODUCT_BUNDLE_IDENTIFIER = "com.will-d.Ex17RxCocoaMPractice";
				PRODUCT_NAME = "$(TARGET_NAME)";
				SWIFT_EMIT_LOC_STRINGS = YES;
				SWIFT_VERSION = 5.0;
				TARGETED_DEVICE_FAMILY = "1,2";
			};
			name = Debug;
		};
		B821B74C289DD83B0001F4D9 /* Release */ = {
			isa = XCBuildConfiguration;
			buildSettings = {
				ASSETCATALOG_COMPILER_APPICON_NAME = AppIcon;
				ASSETCATALOG_COMPILER_GLOBAL_ACCENT_COLOR_NAME = AccentColor;
				CODE_SIGN_STYLE = Automatic;
				CURRENT_PROJECT_VERSION = 1;
				GENERATE_INFOPLIST_FILE = YES;
				INFOPLIST_FILE = Ex17RxCocoaMPractice/Info.plist;
				INFOPLIST_KEY_UIApplicationSupportsIndirectInputEvents = YES;
				INFOPLIST_KEY_UILaunchStoryboardName = LaunchScreen;
				INFOPLIST_KEY_UISupportedInterfaceOrientations_iPad = "UIInterfaceOrientationPortrait UIInterfaceOrientationPortraitUpsideDown UIInterfaceOrientationLandscapeLeft UIInterfaceOrientationLandscapeRight";
				INFOPLIST_KEY_UISupportedInterfaceOrientations_iPhone = "UIInterfaceOrientationPortrait UIInterfaceOrientationLandscapeLeft UIInterfaceOrientationLandscapeRight";
				LD_RUNPATH_SEARCH_PATHS = (
					"$(inherited)",
					"@executable_path/Frameworks",
				);
				MARKETING_VERSION = 1.0;
				PRODUCT_BUNDLE_IDENTIFIER = "com.will-d.Ex17RxCocoaMPractice";
				PRODUCT_NAME = "$(TARGET_NAME)";
				SWIFT_EMIT_LOC_STRINGS = YES;
				SWIFT_VERSION = 5.0;
				TARGETED_DEVICE_FAMILY = "1,2";
			};
			name = Release;
		};
/* End XCBuildConfiguration section */

/* Begin XCConfigurationList section */
		B821B731289DD8370001F4D9 /* Build configuration list for PBXProject "Ex17RxCocoaMPractice" */ = {
			isa = XCConfigurationList;
			buildConfigurations = (
				B821B748289DD83B0001F4D9 /* Debug */,
				B821B749289DD83B0001F4D9 /* Release */,
			);
			defaultConfigurationIsVisible = 0;
			defaultConfigurationName = Release;
		};
		B821B74A289DD83B0001F4D9 /* Build configuration list for PBXNativeTarget "Ex17RxCocoaMPractice" */ = {
			isa = XCConfigurationList;
			buildConfigurations = (
				B821B74B289DD83B0001F4D9 /* Debug */,
				B821B74C289DD83B0001F4D9 /* Release */,
			);
			defaultConfigurationIsVisible = 0;
			defaultConfigurationName = Release;
		};
/* End XCConfigurationList section */

/* Begin XCRemoteSwiftPackageReference section */
		B821B74F289DD9390001F4D9 /* XCRemoteSwiftPackageReference "RxSwift" */ = {
			isa = XCRemoteSwiftPackageReference;
			repositoryURL = "https://github.com/ReactiveX/RxSwift";
			requirement = {
				branch = main;
				kind = branch;
			};
		};
		B821B756289DF8DF0001F4D9 /* XCRemoteSwiftPackageReference "Alamofire" */ = {
			isa = XCRemoteSwiftPackageReference;
			repositoryURL = "https://github.com/Alamofire/Alamofire";
			requirement = {
				branch = master;
				kind = branch;
			};
		};
/* End XCRemoteSwiftPackageReference section */

/* Begin XCSwiftPackageProductDependency section */
		B821B750289DD9390001F4D9 /* RxCocoa */ = {
			isa = XCSwiftPackageProductDependency;
			package = B821B74F289DD9390001F4D9 /* XCRemoteSwiftPackageReference "RxSwift" */;
			productName = RxCocoa;
		};
		B821B752289DD9390001F4D9 /* RxRelay */ = {
			isa = XCSwiftPackageProductDependency;
			package = B821B74F289DD9390001F4D9 /* XCRemoteSwiftPackageReference "RxSwift" */;
			productName = RxRelay;
		};
		B821B754289DD9390001F4D9 /* RxSwift */ = {
			isa = XCSwiftPackageProductDependency;
			package = B821B74F289DD9390001F4D9 /* XCRemoteSwiftPackageReference "RxSwift" */;
			productName = RxSwift;
		};
		B821B757289DF8DF0001F4D9 /* Alamofire */ = {
			isa = XCSwiftPackageProductDependency;
			package = B821B756289DF8DF0001F4D9 /* XCRemoteSwiftPackageReference "Alamofire" */;
			productName = Alamofire;
		};
/* End XCSwiftPackageProductDependency section */
	};
	rootObject = B821B72E289DD8370001F4D9 /* Project object */;
}
