// !$*UTF8*$!
{
	archiveVersion = 1;
	classes = {
	};
	objectVersion = 55;
	objects = {

/* Begin PBXBuildFile section */
		B817B78F288A755E00DA20AF /* AppDelegate.swift in Sources */ = {isa = PBXBuildFile; fileRef = B817B78E288A755E00DA20AF /* AppDelegate.swift */; };
		B817B791288A755E00DA20AF /* SceneDelegate.swift in Sources */ = {isa = PBXBuildFile; fileRef = B817B790288A755E00DA20AF /* SceneDelegate.swift */; };
		B817B798288A756200DA20AF /* Assets.xcassets in Resources */ = {isa = PBXBuildFile; fileRef = B817B797288A756200DA20AF /* Assets.xcassets */; };
		B817B79B288A756200DA20AF /* LaunchScreen.storyboard in Resources */ = {isa = PBXBuildFile; fileRef = B817B799288A756200DA20AF /* LaunchScreen.storyboard */; };
		B817B7A4288A759400DA20AF /* SnapKit in Frameworks */ = {isa = PBXBuildFile; productRef = B817B7A3288A759400DA20AF /* SnapKit */; };
		B817B7AA288A763B00DA20AF /* Then in Frameworks */ = {isa = PBXBuildFile; productRef = B817B7A9288A763B00DA20AF /* Then */; };
		B817B7AC288A992900DA20AF /* HomeViewController.swift in Sources */ = {isa = PBXBuildFile; fileRef = B817B7AB288A992900DA20AF /* HomeViewController.swift */; };
		B817B7AE288A9D2600DA20AF /* Content.plist in Resources */ = {isa = PBXBuildFile; fileRef = B817B7AD288A9D2600DA20AF /* Content.plist */; };
		B817B7B0288A9D6500DA20AF /* Content.swift in Sources */ = {isa = PBXBuildFile; fileRef = B817B7AF288A9D6500DA20AF /* Content.swift */; };
		B817B7B2288AA0E600DA20AF /* ContentCollectionViewCell.swift in Sources */ = {isa = PBXBuildFile; fileRef = B817B7B1288AA0E600DA20AF /* ContentCollectionViewCell.swift */; };
		B817B7B4288AA28B00DA20AF /* ContentCollectionViewHeader.swift in Sources */ = {isa = PBXBuildFile; fileRef = B817B7B3288AA28B00DA20AF /* ContentCollectionViewHeader.swift */; };
		B817B7B6288AAF0A00DA20AF /* ContentCollectionViewRankCell.swift in Sources */ = {isa = PBXBuildFile; fileRef = B817B7B5288AAF0A00DA20AF /* ContentCollectionViewRankCell.swift */; };
		B817B7B8288AB29B00DA20AF /* ContentCollectionViewMainCell.swift in Sources */ = {isa = PBXBuildFile; fileRef = B817B7B7288AB29B00DA20AF /* ContentCollectionViewMainCell.swift */; };
		B817B7BA288AB78000DA20AF /* UIButton.swift in Sources */ = {isa = PBXBuildFile; fileRef = B817B7B9288AB78000DA20AF /* UIButton.swift */; };
/* End PBXBuildFile section */

/* Begin PBXFileReference section */
		B817B78B288A755E00DA20AF /* Ex01Snapkit.app */ = {isa = PBXFileReference; explicitFileType = wrapper.application; includeInIndex = 0; path = Ex01Snapkit.app; sourceTree = BUILT_PRODUCTS_DIR; };
		B817B78E288A755E00DA20AF /* AppDelegate.swift */ = {isa = PBXFileReference; lastKnownFileType = sourcecode.swift; path = AppDelegate.swift; sourceTree = "<group>"; };
		B817B790288A755E00DA20AF /* SceneDelegate.swift */ = {isa = PBXFileReference; lastKnownFileType = sourcecode.swift; path = SceneDelegate.swift; sourceTree = "<group>"; };
		B817B797288A756200DA20AF /* Assets.xcassets */ = {isa = PBXFileReference; lastKnownFileType = folder.assetcatalog; path = Assets.xcassets; sourceTree = "<group>"; };
		B817B79A288A756200DA20AF /* Base */ = {isa = PBXFileReference; lastKnownFileType = file.storyboard; name = Base; path = Base.lproj/LaunchScreen.storyboard; sourceTree = "<group>"; };
		B817B79C288A756200DA20AF /* Info.plist */ = {isa = PBXFileReference; lastKnownFileType = text.plist.xml; path = Info.plist; sourceTree = "<group>"; };
		B817B7AB288A992900DA20AF /* HomeViewController.swift */ = {isa = PBXFileReference; lastKnownFileType = sourcecode.swift; path = HomeViewController.swift; sourceTree = "<group>"; };
		B817B7AD288A9D2600DA20AF /* Content.plist */ = {isa = PBXFileReference; fileEncoding = 4; lastKnownFileType = text.plist.xml; name = Content.plist; path = "../../../../Part 3/Ch6_NetflixStyle/Content.plist"; sourceTree = "<group>"; };
		B817B7AF288A9D6500DA20AF /* Content.swift */ = {isa = PBXFileReference; lastKnownFileType = sourcecode.swift; path = Content.swift; sourceTree = "<group>"; };
		B817B7B1288AA0E600DA20AF /* ContentCollectionViewCell.swift */ = {isa = PBXFileReference; lastKnownFileType = sourcecode.swift; path = ContentCollectionViewCell.swift; sourceTree = "<group>"; };
		B817B7B3288AA28B00DA20AF /* ContentCollectionViewHeader.swift */ = {isa = PBXFileReference; lastKnownFileType = sourcecode.swift; path = ContentCollectionViewHeader.swift; sourceTree = "<group>"; };
		B817B7B5288AAF0A00DA20AF /* ContentCollectionViewRankCell.swift */ = {isa = PBXFileReference; lastKnownFileType = sourcecode.swift; path = ContentCollectionViewRankCell.swift; sourceTree = "<group>"; };
		B817B7B7288AB29B00DA20AF /* ContentCollectionViewMainCell.swift */ = {isa = PBXFileReference; lastKnownFileType = sourcecode.swift; path = ContentCollectionViewMainCell.swift; sourceTree = "<group>"; };
		B817B7B9288AB78000DA20AF /* UIButton.swift */ = {isa = PBXFileReference; lastKnownFileType = sourcecode.swift; path = UIButton.swift; sourceTree = "<group>"; };
/* End PBXFileReference section */

/* Begin PBXFrameworksBuildPhase section */
		B817B788288A755E00DA20AF /* Frameworks */ = {
			isa = PBXFrameworksBuildPhase;
			buildActionMask = 2147483647;
			files = (
				B817B7A4288A759400DA20AF /* SnapKit in Frameworks */,
				B817B7AA288A763B00DA20AF /* Then in Frameworks */,
			);
			runOnlyForDeploymentPostprocessing = 0;
		};
/* End PBXFrameworksBuildPhase section */

/* Begin PBXGroup section */
		B817B782288A755E00DA20AF = {
			isa = PBXGroup;
			children = (
				B817B78D288A755E00DA20AF /* Ex01Snapkit */,
				B817B78C288A755E00DA20AF /* Products */,
			);
			sourceTree = "<group>";
		};
		B817B78C288A755E00DA20AF /* Products */ = {
			isa = PBXGroup;
			children = (
				B817B78B288A755E00DA20AF /* Ex01Snapkit.app */,
			);
			name = Products;
			sourceTree = "<group>";
		};
		B817B78D288A755E00DA20AF /* Ex01Snapkit */ = {
			isa = PBXGroup;
			children = (
				B817B78E288A755E00DA20AF /* AppDelegate.swift */,
				B817B790288A755E00DA20AF /* SceneDelegate.swift */,
				B817B797288A756200DA20AF /* Assets.xcassets */,
				B817B799288A756200DA20AF /* LaunchScreen.storyboard */,
				B817B79C288A756200DA20AF /* Info.plist */,
				B817B7AD288A9D2600DA20AF /* Content.plist */,
				B817B7AB288A992900DA20AF /* HomeViewController.swift */,
				B817B7AF288A9D6500DA20AF /* Content.swift */,
				B817B7B1288AA0E600DA20AF /* ContentCollectionViewCell.swift */,
				B817B7B3288AA28B00DA20AF /* ContentCollectionViewHeader.swift */,
				B817B7B5288AAF0A00DA20AF /* ContentCollectionViewRankCell.swift */,
				B817B7B7288AB29B00DA20AF /* ContentCollectionViewMainCell.swift */,
				B817B7B9288AB78000DA20AF /* UIButton.swift */,
			);
			path = Ex01Snapkit;
			sourceTree = "<group>";
		};
/* End PBXGroup section */

/* Begin PBXNativeTarget section */
		B817B78A288A755E00DA20AF /* Ex01Snapkit */ = {
			isa = PBXNativeTarget;
			buildConfigurationList = B817B79F288A756200DA20AF /* Build configuration list for PBXNativeTarget "Ex01Snapkit" */;
			buildPhases = (
				B817B787288A755E00DA20AF /* Sources */,
				B817B788288A755E00DA20AF /* Frameworks */,
				B817B789288A755E00DA20AF /* Resources */,
			);
			buildRules = (
			);
			dependencies = (
			);
			name = Ex01Snapkit;
			packageProductDependencies = (
				B817B7A3288A759400DA20AF /* SnapKit */,
				B817B7A9288A763B00DA20AF /* Then */,
			);
			productName = Ex01Snapkit;
			productReference = B817B78B288A755E00DA20AF /* Ex01Snapkit.app */;
			productType = "com.apple.product-type.application";
		};
/* End PBXNativeTarget section */

/* Begin PBXProject section */
		B817B783288A755E00DA20AF /* Project object */ = {
			isa = PBXProject;
			attributes = {
				BuildIndependentTargetsInParallel = 1;
				LastSwiftUpdateCheck = 1340;
				LastUpgradeCheck = 1340;
				TargetAttributes = {
					B817B78A288A755E00DA20AF = {
						CreatedOnToolsVersion = 13.4.1;
					};
				};
			};
			buildConfigurationList = B817B786288A755E00DA20AF /* Build configuration list for PBXProject "Ex01Snapkit" */;
			compatibilityVersion = "Xcode 13.0";
			developmentRegion = en;
			hasScannedForEncodings = 0;
			knownRegions = (
				en,
				Base,
			);
			mainGroup = B817B782288A755E00DA20AF;
			packageReferences = (
				B817B7A2288A759400DA20AF /* XCRemoteSwiftPackageReference "SnapKit" */,
				B817B7A8288A763B00DA20AF /* XCRemoteSwiftPackageReference "Then" */,
			);
			productRefGroup = B817B78C288A755E00DA20AF /* Products */;
			projectDirPath = "";
			projectRoot = "";
			targets = (
				B817B78A288A755E00DA20AF /* Ex01Snapkit */,
			);
		};
/* End PBXProject section */

/* Begin PBXResourcesBuildPhase section */
		B817B789288A755E00DA20AF /* Resources */ = {
			isa = PBXResourcesBuildPhase;
			buildActionMask = 2147483647;
			files = (
				B817B79B288A756200DA20AF /* LaunchScreen.storyboard in Resources */,
				B817B798288A756200DA20AF /* Assets.xcassets in Resources */,
				B817B7AE288A9D2600DA20AF /* Content.plist in Resources */,
			);
			runOnlyForDeploymentPostprocessing = 0;
		};
/* End PBXResourcesBuildPhase section */

/* Begin PBXSourcesBuildPhase section */
		B817B787288A755E00DA20AF /* Sources */ = {
			isa = PBXSourcesBuildPhase;
			buildActionMask = 2147483647;
			files = (
				B817B78F288A755E00DA20AF /* AppDelegate.swift in Sources */,
				B817B7B4288AA28B00DA20AF /* ContentCollectionViewHeader.swift in Sources */,
				B817B791288A755E00DA20AF /* SceneDelegate.swift in Sources */,
				B817B7B6288AAF0A00DA20AF /* ContentCollectionViewRankCell.swift in Sources */,
				B817B7AC288A992900DA20AF /* HomeViewController.swift in Sources */,
				B817B7B8288AB29B00DA20AF /* ContentCollectionViewMainCell.swift in Sources */,
				B817B7B0288A9D6500DA20AF /* Content.swift in Sources */,
				B817B7B2288AA0E600DA20AF /* ContentCollectionViewCell.swift in Sources */,
				B817B7BA288AB78000DA20AF /* UIButton.swift in Sources */,
			);
			runOnlyForDeploymentPostprocessing = 0;
		};
/* End PBXSourcesBuildPhase section */

/* Begin PBXVariantGroup section */
		B817B799288A756200DA20AF /* LaunchScreen.storyboard */ = {
			isa = PBXVariantGroup;
			children = (
				B817B79A288A756200DA20AF /* Base */,
			);
			name = LaunchScreen.storyboard;
			sourceTree = "<group>";
		};
/* End PBXVariantGroup section */

/* Begin XCBuildConfiguration section */
		B817B79D288A756200DA20AF /* Debug */ = {
			isa = XCBuildConfiguration;
			buildSettings = {
				ALWAYS_SEARCH_USER_PATHS = NO;
				CLANG_ANALYZER_NONNULL = YES;
				CLANG_ANALYZER_NUMBER_OBJECT_CONVERSION = YES_AGGRESSIVE;
				CLANG_CXX_LANGUAGE_STANDARD = "gnu++17";
				CLANG_ENABLE_MODULES = YES;
				CLANG_ENABLE_OBJC_ARC = YES;
				CLANG_ENABLE_OBJC_WEAK = YES;
				CLANG_WARN_BLOCK_CAPTURE_AUTORELEASING = YES;
				CLANG_WARN_BOOL_CONVERSION = YES;
				CLANG_WARN_COMMA = YES;
				CLANG_WARN_CONSTANT_CONVERSION = YES;
				CLANG_WARN_DEPRECATED_OBJC_IMPLEMENTATIONS = YES;
				CLANG_WARN_DIRECT_OBJC_ISA_USAGE = YES_ERROR;
				CLANG_WARN_DOCUMENTATION_COMMENTS = YES;
				CLANG_WARN_EMPTY_BODY = YES;
				CLANG_WARN_ENUM_CONVERSION = YES;
				CLANG_WARN_INFINITE_RECURSION = YES;
				CLANG_WARN_INT_CONVERSION = YES;
				CLANG_WARN_NON_LITERAL_NULL_CONVERSION = YES;
				CLANG_WARN_OBJC_IMPLICIT_RETAIN_SELF = YES;
				CLANG_WARN_OBJC_LITERAL_CONVERSION = YES;
				CLANG_WARN_OBJC_ROOT_CLASS = YES_ERROR;
				CLANG_WARN_QUOTED_INCLUDE_IN_FRAMEWORK_HEADER = YES;
				CLANG_WARN_RANGE_LOOP_ANALYSIS = YES;
				CLANG_WARN_STRICT_PROTOTYPES = YES;
				CLANG_WARN_SUSPICIOUS_MOVE = YES;
				CLANG_WARN_UNGUARDED_AVAILABILITY = YES_AGGRESSIVE;
				CLANG_WARN_UNREACHABLE_CODE = YES;
				CLANG_WARN__DUPLICATE_METHOD_MATCH = YES;
				COPY_PHASE_STRIP = NO;
				DEBUG_INFORMATION_FORMAT = dwarf;
				ENABLE_STRICT_OBJC_MSGSEND = YES;
				ENABLE_TESTABILITY = YES;
				GCC_C_LANGUAGE_STANDARD = gnu11;
				GCC_DYNAMIC_NO_PIC = NO;
				GCC_NO_COMMON_BLOCKS = YES;
				GCC_OPTIMIZATION_LEVEL = 0;
				GCC_PREPROCESSOR_DEFINITIONS = (
					"DEBUG=1",
					"$(inherited)",
				);
				GCC_WARN_64_TO_32_BIT_CONVERSION = YES;
				GCC_WARN_ABOUT_RETURN_TYPE = YES_ERROR;
				GCC_WARN_UNDECLARED_SELECTOR = YES;
				GCC_WARN_UNINITIALIZED_AUTOS = YES_AGGRESSIVE;
				GCC_WARN_UNUSED_FUNCTION = YES;
				GCC_WARN_UNUSED_VARIABLE = YES;
				IPHONEOS_DEPLOYMENT_TARGET = 15.5;
				MTL_ENABLE_DEBUG_INFO = INCLUDE_SOURCE;
				MTL_FAST_MATH = YES;
				ONLY_ACTIVE_ARCH = YES;
				SDKROOT = iphoneos;
				SWIFT_ACTIVE_COMPILATION_CONDITIONS = DEBUG;
				SWIFT_OPTIMIZATION_LEVEL = "-Onone";
			};
			name = Debug;
		};
		B817B79E288A756200DA20AF /* Release */ = {
			isa = XCBuildConfiguration;
			buildSettings = {
				ALWAYS_SEARCH_USER_PATHS = NO;
				CLANG_ANALYZER_NONNULL = YES;
				CLANG_ANALYZER_NUMBER_OBJECT_CONVERSION = YES_AGGRESSIVE;
				CLANG_CXX_LANGUAGE_STANDARD = "gnu++17";
				CLANG_ENABLE_MODULES = YES;
				CLANG_ENABLE_OBJC_ARC = YES;
				CLANG_ENABLE_OBJC_WEAK = YES;
				CLANG_WARN_BLOCK_CAPTURE_AUTORELEASING = YES;
				CLANG_WARN_BOOL_CONVERSION = YES;
				CLANG_WARN_COMMA = YES;
				CLANG_WARN_CONSTANT_CONVERSION = YES;
				CLANG_WARN_DEPRECATED_OBJC_IMPLEMENTATIONS = YES;
				CLANG_WARN_DIRECT_OBJC_ISA_USAGE = YES_ERROR;
				CLANG_WARN_DOCUMENTATION_COMMENTS = YES;
				CLANG_WARN_EMPTY_BODY = YES;
				CLANG_WARN_ENUM_CONVERSION = YES;
				CLANG_WARN_INFINITE_RECURSION = YES;
				CLANG_WARN_INT_CONVERSION = YES;
				CLANG_WARN_NON_LITERAL_NULL_CONVERSION = YES;
				CLANG_WARN_OBJC_IMPLICIT_RETAIN_SELF = YES;
				CLANG_WARN_OBJC_LITERAL_CONVERSION = YES;
				CLANG_WARN_OBJC_ROOT_CLASS = YES_ERROR;
				CLANG_WARN_QUOTED_INCLUDE_IN_FRAMEWORK_HEADER = YES;
				CLANG_WARN_RANGE_LOOP_ANALYSIS = YES;
				CLANG_WARN_STRICT_PROTOTYPES = YES;
				CLANG_WARN_SUSPICIOUS_MOVE = YES;
				CLANG_WARN_UNGUARDED_AVAILABILITY = YES_AGGRESSIVE;
				CLANG_WARN_UNREACHABLE_CODE = YES;
				CLANG_WARN__DUPLICATE_METHOD_MATCH = YES;
				COPY_PHASE_STRIP = NO;
				DEBUG_INFORMATION_FORMAT = "dwarf-with-dsym";
				ENABLE_NS_ASSERTIONS = NO;
				ENABLE_STRICT_OBJC_MSGSEND = YES;
				GCC_C_LANGUAGE_STANDARD = gnu11;
				GCC_NO_COMMON_BLOCKS = YES;
				GCC_WARN_64_TO_32_BIT_CONVERSION = YES;
				GCC_WARN_ABOUT_RETURN_TYPE = YES_ERROR;
				GCC_WARN_UNDECLARED_SELECTOR = YES;
				GCC_WARN_UNINITIALIZED_AUTOS = YES_AGGRESSIVE;
				GCC_WARN_UNUSED_FUNCTION = YES;
				GCC_WARN_UNUSED_VARIABLE = YES;
				IPHONEOS_DEPLOYMENT_TARGET = 15.5;
				MTL_ENABLE_DEBUG_INFO = NO;
				MTL_FAST_MATH = YES;
				SDKROOT = iphoneos;
				SWIFT_COMPILATION_MODE = wholemodule;
				SWIFT_OPTIMIZATION_LEVEL = "-O";
				VALIDATE_PRODUCT = YES;
			};
			name = Release;
		};
		B817B7A0288A756200DA20AF /* Debug */ = {
			isa = XCBuildConfiguration;
			buildSettings = {
				ASSETCATALOG_COMPILER_APPICON_NAME = AppIcon;
				ASSETCATALOG_COMPILER_GLOBAL_ACCENT_COLOR_NAME = AccentColor;
				CODE_SIGN_STYLE = Automatic;
				CURRENT_PROJECT_VERSION = 1;
				DEVELOPMENT_TEAM = WM9W532AJA;
				GENERATE_INFOPLIST_FILE = YES;
				INFOPLIST_FILE = Ex01Snapkit/Info.plist;
				INFOPLIST_KEY_UIApplicationSupportsIndirectInputEvents = YES;
				INFOPLIST_KEY_UILaunchStoryboardName = LaunchScreen;
				INFOPLIST_KEY_UISupportedInterfaceOrientations_iPad = "UIInterfaceOrientationPortrait UIInterfaceOrientationPortraitUpsideDown UIInterfaceOrientationLandscapeLeft UIInterfaceOrientationLandscapeRight";
				INFOPLIST_KEY_UISupportedInterfaceOrientations_iPhone = "UIInterfaceOrientationPortrait UIInterfaceOrientationLandscapeLeft UIInterfaceOrientationLandscapeRight";
				LD_RUNPATH_SEARCH_PATHS = (
					"$(inherited)",
					"@executable_path/Frameworks",
				);
				MARKETING_VERSION = 1.0;
				PRODUCT_BUNDLE_IDENTIFIER = "com.will-d.Ex01Snapkit";
				PRODUCT_NAME = "$(TARGET_NAME)";
				SWIFT_EMIT_LOC_STRINGS = YES;
				SWIFT_VERSION = 5.0;
				TARGETED_DEVICE_FAMILY = "1,2";
			};
			name = Debug;
		};
		B817B7A1288A756200DA20AF /* Release */ = {
			isa = XCBuildConfiguration;
			buildSettings = {
				ASSETCATALOG_COMPILER_APPICON_NAME = AppIcon;
				ASSETCATALOG_COMPILER_GLOBAL_ACCENT_COLOR_NAME = AccentColor;
				CODE_SIGN_STYLE = Automatic;
				CURRENT_PROJECT_VERSION = 1;
				DEVELOPMENT_TEAM = WM9W532AJA;
				GENERATE_INFOPLIST_FILE = YES;
				INFOPLIST_FILE = Ex01Snapkit/Info.plist;
				INFOPLIST_KEY_UIApplicationSupportsIndirectInputEvents = YES;
				INFOPLIST_KEY_UILaunchStoryboardName = LaunchScreen;
				INFOPLIST_KEY_UISupportedInterfaceOrientations_iPad = "UIInterfaceOrientationPortrait UIInterfaceOrientationPortraitUpsideDown UIInterfaceOrientationLandscapeLeft UIInterfaceOrientationLandscapeRight";
				INFOPLIST_KEY_UISupportedInterfaceOrientations_iPhone = "UIInterfaceOrientationPortrait UIInterfaceOrientationLandscapeLeft UIInterfaceOrientationLandscapeRight";
				LD_RUNPATH_SEARCH_PATHS = (
					"$(inherited)",
					"@executable_path/Frameworks",
				);
				MARKETING_VERSION = 1.0;
				PRODUCT_BUNDLE_IDENTIFIER = "com.will-d.Ex01Snapkit";
				PRODUCT_NAME = "$(TARGET_NAME)";
				SWIFT_EMIT_LOC_STRINGS = YES;
				SWIFT_VERSION = 5.0;
				TARGETED_DEVICE_FAMILY = "1,2";
			};
			name = Release;
		};
/* End XCBuildConfiguration section */

/* Begin XCConfigurationList section */
		B817B786288A755E00DA20AF /* Build configuration list for PBXProject "Ex01Snapkit" */ = {
			isa = XCConfigurationList;
			buildConfigurations = (
				B817B79D288A756200DA20AF /* Debug */,
				B817B79E288A756200DA20AF /* Release */,
			);
			defaultConfigurationIsVisible = 0;
			defaultConfigurationName = Release;
		};
		B817B79F288A756200DA20AF /* Build configuration list for PBXNativeTarget "Ex01Snapkit" */ = {
			isa = XCConfigurationList;
			buildConfigurations = (
				B817B7A0288A756200DA20AF /* Debug */,
				B817B7A1288A756200DA20AF /* Release */,
			);
			defaultConfigurationIsVisible = 0;
			defaultConfigurationName = Release;
		};
/* End XCConfigurationList section */

/* Begin XCRemoteSwiftPackageReference section */
		B817B7A2288A759400DA20AF /* XCRemoteSwiftPackageReference "SnapKit" */ = {
			isa = XCRemoteSwiftPackageReference;
			repositoryURL = "https://github.com/SnapKit/SnapKit";
			requirement = {
				branch = develop;
				kind = branch;
			};
		};
		B817B7A8288A763B00DA20AF /* XCRemoteSwiftPackageReference "Then" */ = {
			isa = XCRemoteSwiftPackageReference;
			repositoryURL = "https://github.com/devxoul/Then";
			requirement = {
				branch = master;
				kind = branch;
			};
		};
/* End XCRemoteSwiftPackageReference section */

/* Begin XCSwiftPackageProductDependency section */
		B817B7A3288A759400DA20AF /* SnapKit */ = {
			isa = XCSwiftPackageProductDependency;
			package = B817B7A2288A759400DA20AF /* XCRemoteSwiftPackageReference "SnapKit" */;
			productName = SnapKit;
		};
		B817B7A9288A763B00DA20AF /* Then */ = {
			isa = XCSwiftPackageProductDependency;
			package = B817B7A8288A763B00DA20AF /* XCRemoteSwiftPackageReference "Then" */;
			productName = Then;
		};
/* End XCSwiftPackageProductDependency section */
	};
	rootObject = B817B783288A755E00DA20AF /* Project object */;
}
