// !$*UTF8*$!
{
	archiveVersion = 1;
	classes = {
	};
	objectVersion = 55;
	objects = {

/* Begin PBXBuildFile section */
		B838E02728A24B6C00169486 /* HomePageData.swift in Sources */ = {isa = PBXBuildFile; fileRef = B838E02628A24B6C00169486 /* HomePageData.swift */; };
		B838E02928A24BAE00169486 /* ChampionListPageData.swift in Sources */ = {isa = PBXBuildFile; fileRef = B838E02828A24BAE00169486 /* ChampionListPageData.swift */; };
		B838E02D28A24C2400169486 /* DetailRepository.swift in Sources */ = {isa = PBXBuildFile; fileRef = B838E02C28A24C2400169486 /* DetailRepository.swift */; };
		B838E02F28A24CC300169486 /* SearchDetailPageData.swift in Sources */ = {isa = PBXBuildFile; fileRef = B838E02E28A24CC300169486 /* SearchDetailPageData.swift */; };
		B838E03128A24CFA00169486 /* ChampionDetailPageDeta.swift in Sources */ = {isa = PBXBuildFile; fileRef = B838E03028A24CFA00169486 /* ChampionDetailPageDeta.swift */; };
		B838E03328A24D0F00169486 /* PlayerDetailPageData.swift in Sources */ = {isa = PBXBuildFile; fileRef = B838E03228A24D0F00169486 /* PlayerDetailPageData.swift */; };
		B838E03528A24D2800169486 /* RankDetailPageData.swift in Sources */ = {isa = PBXBuildFile; fileRef = B838E03428A24D2800169486 /* RankDetailPageData.swift */; };
		B838E04028A272DB00169486 /* HomeViewController.swift in Sources */ = {isa = PBXBuildFile; fileRef = B838E03F28A272DB00169486 /* HomeViewController.swift */; };
		B838E04228A2730A00169486 /* ChampionListViewController.swift in Sources */ = {isa = PBXBuildFile; fileRef = B838E04128A2730A00169486 /* ChampionListViewController.swift */; };
		B838E04528A2941600169486 /* UIColor.swift in Sources */ = {isa = PBXBuildFile; fileRef = B838E04428A2941600169486 /* UIColor.swift */; };
		B8638779289F30D100331324 /* RxAlamofire in Frameworks */ = {isa = PBXBuildFile; productRef = B8638778289F30D100331324 /* RxAlamofire */; };
		B86387BB289F55FA00331324 /* MainRepository.swift in Sources */ = {isa = PBXBuildFile; fileRef = B86387BA289F55FA00331324 /* MainRepository.swift */; };
		B86387C3289F5D1A00331324 /* UiState.swift in Sources */ = {isa = PBXBuildFile; fileRef = B86387C2289F5D1A00331324 /* UiState.swift */; };
		B86387C7289F5FF800331324 /* ChampionListApi.swift in Sources */ = {isa = PBXBuildFile; fileRef = B86387C6289F5FF800331324 /* ChampionListApi.swift */; };
		B86387CB289F670F00331324 /* ChampionCommentCountApi.swift in Sources */ = {isa = PBXBuildFile; fileRef = B86387CA289F670F00331324 /* ChampionCommentCountApi.swift */; };
		B86387CD289F679400331324 /* ChampionCommentApi.swift in Sources */ = {isa = PBXBuildFile; fileRef = B86387CC289F679400331324 /* ChampionCommentApi.swift */; };
		B86387D0289F744700331324 /* ChampionGoodAtPlayerApi.swift in Sources */ = {isa = PBXBuildFile; fileRef = B86387CF289F744700331324 /* ChampionGoodAtPlayerApi.swift */; };
		B86387D2289F792C00331324 /* PlayerMmrRankApi.swift in Sources */ = {isa = PBXBuildFile; fileRef = B86387D1289F792C00331324 /* PlayerMmrRankApi.swift */; };
		B86387D4289F843D00331324 /* PlayerDetailApi.swift in Sources */ = {isa = PBXBuildFile; fileRef = B86387D3289F843D00331324 /* PlayerDetailApi.swift */; };
		B88AE9F3289E2B6B000EAD22 /* AppDelegate.swift in Sources */ = {isa = PBXBuildFile; fileRef = B88AE9F2289E2B6B000EAD22 /* AppDelegate.swift */; };
		B88AE9F5289E2B6B000EAD22 /* SceneDelegate.swift in Sources */ = {isa = PBXBuildFile; fileRef = B88AE9F4289E2B6B000EAD22 /* SceneDelegate.swift */; };
		B88AE9FC289E2B6E000EAD22 /* Assets.xcassets in Resources */ = {isa = PBXBuildFile; fileRef = B88AE9FB289E2B6E000EAD22 /* Assets.xcassets */; };
		B88AE9FF289E2B6E000EAD22 /* LaunchScreen.storyboard in Resources */ = {isa = PBXBuildFile; fileRef = B88AE9FD289E2B6E000EAD22 /* LaunchScreen.storyboard */; };
		B88AEA07289E2B8F000EAD22 /* MainTabBarController.swift in Sources */ = {isa = PBXBuildFile; fileRef = B88AEA06289E2B8F000EAD22 /* MainTabBarController.swift */; };
		B88AEA15289E2C6C000EAD22 /* RxCocoa in Frameworks */ = {isa = PBXBuildFile; productRef = B88AEA14289E2C6C000EAD22 /* RxCocoa */; };
		B88AEA17289E2C6C000EAD22 /* RxRelay in Frameworks */ = {isa = PBXBuildFile; productRef = B88AEA16289E2C6C000EAD22 /* RxRelay */; };
		B88AEA19289E2C6C000EAD22 /* RxSwift in Frameworks */ = {isa = PBXBuildFile; productRef = B88AEA18289E2C6C000EAD22 /* RxSwift */; };
		B88AEA1C289E2C92000EAD22 /* Alamofire in Frameworks */ = {isa = PBXBuildFile; productRef = B88AEA1B289E2C92000EAD22 /* Alamofire */; };
		B88AEA1F289E2CB8000EAD22 /* SnapKit in Frameworks */ = {isa = PBXBuildFile; productRef = B88AEA1E289E2CB8000EAD22 /* SnapKit */; };
		B88AEA22289E2CDA000EAD22 /* Then in Frameworks */ = {isa = PBXBuildFile; productRef = B88AEA21289E2CDA000EAD22 /* Then */; };
		B88AEA25289E2CFE000EAD22 /* Kingfisher in Frameworks */ = {isa = PBXBuildFile; productRef = B88AEA24289E2CFE000EAD22 /* Kingfisher */; };
		B88AEA27289E2E4D000EAD22 /* ApiService.swift in Sources */ = {isa = PBXBuildFile; fileRef = B88AEA26289E2E4D000EAD22 /* ApiService.swift */; };
		B8904A55289F9B8D0051D4E9 /* SearchPreview.swift in Sources */ = {isa = PBXBuildFile; fileRef = B8904A54289F9B8D0051D4E9 /* SearchPreview.swift */; };
		B8904A59289FCB850051D4E9 /* ChampionRecommendApi.swift in Sources */ = {isa = PBXBuildFile; fileRef = B8904A58289FCB850051D4E9 /* ChampionRecommendApi.swift */; };
		B8904A5D289FCFF90051D4E9 /* ChampionTierListApi.swift in Sources */ = {isa = PBXBuildFile; fileRef = B8904A5C289FCFF90051D4E9 /* ChampionTierListApi.swift */; };
		B8953E2528A39A3200AAC1E5 /* ChampionListViewModel.swift in Sources */ = {isa = PBXBuildFile; fileRef = B8953E2428A39A3200AAC1E5 /* ChampionListViewModel.swift */; };
		B8953E2728A3C3D500AAC1E5 /* ChampionListViewCell.swift in Sources */ = {isa = PBXBuildFile; fileRef = B8953E2628A3C3D500AAC1E5 /* ChampionListViewCell.swift */; };
		B8953E2928A3E9EA00AAC1E5 /* HomeViewModel.swift in Sources */ = {isa = PBXBuildFile; fileRef = B8953E2828A3E9EA00AAC1E5 /* HomeViewModel.swift */; };
		B8B17D4528A0F1580093AFD1 /* ChampionDetailApi.swift in Sources */ = {isa = PBXBuildFile; fileRef = B8B17D4428A0F1580093AFD1 /* ChampionDetailApi.swift */; };
		B8B17D4728A13F530093AFD1 /* ImageUrlConverter.swift in Sources */ = {isa = PBXBuildFile; fileRef = B8B17D4628A13F530093AFD1 /* ImageUrlConverter.swift */; };
/* End PBXBuildFile section */

/* Begin PBXFileReference section */
		B838E02628A24B6C00169486 /* HomePageData.swift */ = {isa = PBXFileReference; lastKnownFileType = sourcecode.swift; path = HomePageData.swift; sourceTree = "<group>"; };
		B838E02828A24BAE00169486 /* ChampionListPageData.swift */ = {isa = PBXFileReference; lastKnownFileType = sourcecode.swift; path = ChampionListPageData.swift; sourceTree = "<group>"; };
		B838E02C28A24C2400169486 /* DetailRepository.swift */ = {isa = PBXFileReference; lastKnownFileType = sourcecode.swift; path = DetailRepository.swift; sourceTree = "<group>"; };
		B838E02E28A24CC300169486 /* SearchDetailPageData.swift */ = {isa = PBXFileReference; lastKnownFileType = sourcecode.swift; path = SearchDetailPageData.swift; sourceTree = "<group>"; };
		B838E03028A24CFA00169486 /* ChampionDetailPageDeta.swift */ = {isa = PBXFileReference; lastKnownFileType = sourcecode.swift; path = ChampionDetailPageDeta.swift; sourceTree = "<group>"; };
		B838E03228A24D0F00169486 /* PlayerDetailPageData.swift */ = {isa = PBXFileReference; lastKnownFileType = sourcecode.swift; path = PlayerDetailPageData.swift; sourceTree = "<group>"; };
		B838E03428A24D2800169486 /* RankDetailPageData.swift */ = {isa = PBXFileReference; lastKnownFileType = sourcecode.swift; path = RankDetailPageData.swift; sourceTree = "<group>"; };
		B838E03F28A272DB00169486 /* HomeViewController.swift */ = {isa = PBXFileReference; lastKnownFileType = sourcecode.swift; path = HomeViewController.swift; sourceTree = "<group>"; };
		B838E04128A2730A00169486 /* ChampionListViewController.swift */ = {isa = PBXFileReference; lastKnownFileType = sourcecode.swift; path = ChampionListViewController.swift; sourceTree = "<group>"; };
		B838E04428A2941600169486 /* UIColor.swift */ = {isa = PBXFileReference; lastKnownFileType = sourcecode.swift; path = UIColor.swift; sourceTree = "<group>"; };
		B86387BA289F55FA00331324 /* MainRepository.swift */ = {isa = PBXFileReference; lastKnownFileType = sourcecode.swift; path = MainRepository.swift; sourceTree = "<group>"; };
		B86387C2289F5D1A00331324 /* UiState.swift */ = {isa = PBXFileReference; lastKnownFileType = sourcecode.swift; path = UiState.swift; sourceTree = "<group>"; };
		B86387C6289F5FF800331324 /* ChampionListApi.swift */ = {isa = PBXFileReference; lastKnownFileType = sourcecode.swift; path = ChampionListApi.swift; sourceTree = "<group>"; };
		B86387CA289F670F00331324 /* ChampionCommentCountApi.swift */ = {isa = PBXFileReference; lastKnownFileType = sourcecode.swift; path = ChampionCommentCountApi.swift; sourceTree = "<group>"; };
		B86387CC289F679400331324 /* ChampionCommentApi.swift */ = {isa = PBXFileReference; lastKnownFileType = sourcecode.swift; path = ChampionCommentApi.swift; sourceTree = "<group>"; };
		B86387CF289F744700331324 /* ChampionGoodAtPlayerApi.swift */ = {isa = PBXFileReference; lastKnownFileType = sourcecode.swift; path = ChampionGoodAtPlayerApi.swift; sourceTree = "<group>"; };
		B86387D1289F792C00331324 /* PlayerMmrRankApi.swift */ = {isa = PBXFileReference; lastKnownFileType = sourcecode.swift; path = PlayerMmrRankApi.swift; sourceTree = "<group>"; };
		B86387D3289F843D00331324 /* PlayerDetailApi.swift */ = {isa = PBXFileReference; lastKnownFileType = sourcecode.swift; path = PlayerDetailApi.swift; sourceTree = "<group>"; };
		B88AE9EF289E2B6B000EAD22 /* willd_lol.app */ = {isa = PBXFileReference; explicitFileType = wrapper.application; includeInIndex = 0; path = willd_lol.app; sourceTree = BUILT_PRODUCTS_DIR; };
		B88AE9F2289E2B6B000EAD22 /* AppDelegate.swift */ = {isa = PBXFileReference; lastKnownFileType = sourcecode.swift; path = AppDelegate.swift; sourceTree = "<group>"; };
		B88AE9F4289E2B6B000EAD22 /* SceneDelegate.swift */ = {isa = PBXFileReference; lastKnownFileType = sourcecode.swift; path = SceneDelegate.swift; sourceTree = "<group>"; };
		B88AE9FB289E2B6E000EAD22 /* Assets.xcassets */ = {isa = PBXFileReference; lastKnownFileType = folder.assetcatalog; path = Assets.xcassets; sourceTree = "<group>"; };
		B88AE9FE289E2B6E000EAD22 /* Base */ = {isa = PBXFileReference; lastKnownFileType = file.storyboard; name = Base; path = Base.lproj/LaunchScreen.storyboard; sourceTree = "<group>"; };
		B88AEA00289E2B6E000EAD22 /* Info.plist */ = {isa = PBXFileReference; lastKnownFileType = text.plist.xml; path = Info.plist; sourceTree = "<group>"; };
		B88AEA06289E2B8F000EAD22 /* MainTabBarController.swift */ = {isa = PBXFileReference; lastKnownFileType = sourcecode.swift; path = MainTabBarController.swift; sourceTree = "<group>"; };
		B88AEA26289E2E4D000EAD22 /* ApiService.swift */ = {isa = PBXFileReference; lastKnownFileType = sourcecode.swift; path = ApiService.swift; sourceTree = "<group>"; };
		B8904A54289F9B8D0051D4E9 /* SearchPreview.swift */ = {isa = PBXFileReference; lastKnownFileType = sourcecode.swift; path = SearchPreview.swift; sourceTree = "<group>"; };
		B8904A58289FCB850051D4E9 /* ChampionRecommendApi.swift */ = {isa = PBXFileReference; lastKnownFileType = sourcecode.swift; path = ChampionRecommendApi.swift; sourceTree = "<group>"; };
		B8904A5C289FCFF90051D4E9 /* ChampionTierListApi.swift */ = {isa = PBXFileReference; lastKnownFileType = sourcecode.swift; path = ChampionTierListApi.swift; sourceTree = "<group>"; };
		B8953E2428A39A3200AAC1E5 /* ChampionListViewModel.swift */ = {isa = PBXFileReference; lastKnownFileType = sourcecode.swift; path = ChampionListViewModel.swift; sourceTree = "<group>"; };
		B8953E2628A3C3D500AAC1E5 /* ChampionListViewCell.swift */ = {isa = PBXFileReference; lastKnownFileType = sourcecode.swift; path = ChampionListViewCell.swift; sourceTree = "<group>"; };
		B8953E2828A3E9EA00AAC1E5 /* HomeViewModel.swift */ = {isa = PBXFileReference; lastKnownFileType = sourcecode.swift; path = HomeViewModel.swift; sourceTree = "<group>"; };
		B8B17D4428A0F1580093AFD1 /* ChampionDetailApi.swift */ = {isa = PBXFileReference; lastKnownFileType = sourcecode.swift; path = ChampionDetailApi.swift; sourceTree = "<group>"; };
		B8B17D4628A13F530093AFD1 /* ImageUrlConverter.swift */ = {isa = PBXFileReference; lastKnownFileType = sourcecode.swift; path = ImageUrlConverter.swift; sourceTree = "<group>"; };
/* End PBXFileReference section */

/* Begin PBXFrameworksBuildPhase section */
		B88AE9EC289E2B6B000EAD22 /* Frameworks */ = {
			isa = PBXFrameworksBuildPhase;
			buildActionMask = 2147483647;
			files = (
				B88AEA19289E2C6C000EAD22 /* RxSwift in Frameworks */,
				B88AEA22289E2CDA000EAD22 /* Then in Frameworks */,
				B88AEA25289E2CFE000EAD22 /* Kingfisher in Frameworks */,
				B88AEA1C289E2C92000EAD22 /* Alamofire in Frameworks */,
				B88AEA17289E2C6C000EAD22 /* RxRelay in Frameworks */,
				B8638779289F30D100331324 /* RxAlamofire in Frameworks */,
				B88AEA15289E2C6C000EAD22 /* RxCocoa in Frameworks */,
				B88AEA1F289E2CB8000EAD22 /* SnapKit in Frameworks */,
			);
			runOnlyForDeploymentPostprocessing = 0;
		};
/* End PBXFrameworksBuildPhase section */

/* Begin PBXGroup section */
		B838E02528A24B5900169486 /* Substantial */ = {
			isa = PBXGroup;
			children = (
				B838E02628A24B6C00169486 /* HomePageData.swift */,
				B838E02828A24BAE00169486 /* ChampionListPageData.swift */,
				B838E02E28A24CC300169486 /* SearchDetailPageData.swift */,
				B838E03028A24CFA00169486 /* ChampionDetailPageDeta.swift */,
				B838E03228A24D0F00169486 /* PlayerDetailPageData.swift */,
				B838E03428A24D2800169486 /* RankDetailPageData.swift */,
			);
			path = Substantial;
			sourceTree = "<group>";
		};
		B838E03628A24D7500169486 /* Base */ = {
			isa = PBXGroup;
			children = (
				B86387C6289F5FF800331324 /* ChampionListApi.swift */,
				B86387CA289F670F00331324 /* ChampionCommentCountApi.swift */,
				B86387CC289F679400331324 /* ChampionCommentApi.swift */,
				B86387CF289F744700331324 /* ChampionGoodAtPlayerApi.swift */,
				B86387D1289F792C00331324 /* PlayerMmrRankApi.swift */,
				B86387D3289F843D00331324 /* PlayerDetailApi.swift */,
				B8904A54289F9B8D0051D4E9 /* SearchPreview.swift */,
				B8904A58289FCB850051D4E9 /* ChampionRecommendApi.swift */,
				B8904A5C289FCFF90051D4E9 /* ChampionTierListApi.swift */,
				B8B17D4428A0F1580093AFD1 /* ChampionDetailApi.swift */,
			);
			path = Base;
			sourceTree = "<group>";
		};
		B838E03728A2633700169486 /* ViewModel */ = {
			isa = PBXGroup;
			children = (
				B8953E2428A39A3200AAC1E5 /* ChampionListViewModel.swift */,
				B8953E2828A3E9EA00AAC1E5 /* HomeViewModel.swift */,
			);
			path = ViewModel;
			sourceTree = "<group>";
		};
		B838E03928A2635900169486 /* Cell */ = {
			isa = PBXGroup;
			children = (
				B8953E2628A3C3D500AAC1E5 /* ChampionListViewCell.swift */,
			);
			path = Cell;
			sourceTree = "<group>";
		};
		B838E04328A2940700169486 /* Extension */ = {
			isa = PBXGroup;
			children = (
				B838E04428A2941600169486 /* UIColor.swift */,
			);
			path = Extension;
			sourceTree = "<group>";
		};
		B86387BC289F55FE00331324 /* Repository */ = {
			isa = PBXGroup;
			children = (
				B86387BA289F55FA00331324 /* MainRepository.swift */,
				B838E02C28A24C2400169486 /* DetailRepository.swift */,
			);
			path = Repository;
			sourceTree = "<group>";
		};
		B86387BE289F5CDE00331324 /* View */ = {
			isa = PBXGroup;
			children = (
				B86387C1289F5D0700331324 /* Base */,
				B838E03728A2633700169486 /* ViewModel */,
				B838E03928A2635900169486 /* Cell */,
				B88AEA06289E2B8F000EAD22 /* MainTabBarController.swift */,
				B838E03F28A272DB00169486 /* HomeViewController.swift */,
				B838E04128A2730A00169486 /* ChampionListViewController.swift */,
			);
			path = View;
			sourceTree = "<group>";
		};
		B86387C0289F5CF500331324 /* Model */ = {
			isa = PBXGroup;
			children = (
				B838E02528A24B5900169486 /* Substantial */,
				B838E03628A24D7500169486 /* Base */,
			);
			path = Model;
			sourceTree = "<group>";
		};
		B86387C1289F5D0700331324 /* Base */ = {
			isa = PBXGroup;
			children = (
				B86387C2289F5D1A00331324 /* UiState.swift */,
			);
			path = Base;
			sourceTree = "<group>";
		};
		B86387CE289F696D00331324 /* Utils */ = {
			isa = PBXGroup;
			children = (
				B838E04328A2940700169486 /* Extension */,
				B8B17D4628A13F530093AFD1 /* ImageUrlConverter.swift */,
			);
			path = Utils;
			sourceTree = "<group>";
		};
		B88AE9E6289E2B6B000EAD22 = {
			isa = PBXGroup;
			children = (
				B88AE9F1289E2B6B000EAD22 /* willd_lol */,
				B88AE9F0289E2B6B000EAD22 /* Products */,
			);
			sourceTree = "<group>";
		};
		B88AE9F0289E2B6B000EAD22 /* Products */ = {
			isa = PBXGroup;
			children = (
				B88AE9EF289E2B6B000EAD22 /* willd_lol.app */,
			);
			name = Products;
			sourceTree = "<group>";
		};
		B88AE9F1289E2B6B000EAD22 /* willd_lol */ = {
			isa = PBXGroup;
			children = (
				B88AE9F2289E2B6B000EAD22 /* AppDelegate.swift */,
				B88AE9F4289E2B6B000EAD22 /* SceneDelegate.swift */,
				B88AE9FB289E2B6E000EAD22 /* Assets.xcassets */,
				B88AE9FD289E2B6E000EAD22 /* LaunchScreen.storyboard */,
				B88AEA00289E2B6E000EAD22 /* Info.plist */,
				B88AEA28289E2E5A000EAD22 /* Network */,
				B86387BC289F55FE00331324 /* Repository */,
				B86387C0289F5CF500331324 /* Model */,
				B86387BE289F5CDE00331324 /* View */,
				B86387CE289F696D00331324 /* Utils */,
			);
			path = willd_lol;
			sourceTree = "<group>";
		};
		B88AEA28289E2E5A000EAD22 /* Network */ = {
			isa = PBXGroup;
			children = (
				B88AEA26289E2E4D000EAD22 /* ApiService.swift */,
			);
			path = Network;
			sourceTree = "<group>";
		};
/* End PBXGroup section */

/* Begin PBXNativeTarget section */
		B88AE9EE289E2B6B000EAD22 /* willd_lol */ = {
			isa = PBXNativeTarget;
			buildConfigurationList = B88AEA03289E2B6E000EAD22 /* Build configuration list for PBXNativeTarget "willd_lol" */;
			buildPhases = (
				B88AE9EB289E2B6B000EAD22 /* Sources */,
				B88AE9EC289E2B6B000EAD22 /* Frameworks */,
				B88AE9ED289E2B6B000EAD22 /* Resources */,
			);
			buildRules = (
			);
			dependencies = (
			);
			name = willd_lol;
			packageProductDependencies = (
				B88AEA14289E2C6C000EAD22 /* RxCocoa */,
				B88AEA16289E2C6C000EAD22 /* RxRelay */,
				B88AEA18289E2C6C000EAD22 /* RxSwift */,
				B88AEA1B289E2C92000EAD22 /* Alamofire */,
				B88AEA1E289E2CB8000EAD22 /* SnapKit */,
				B88AEA21289E2CDA000EAD22 /* Then */,
				B88AEA24289E2CFE000EAD22 /* Kingfisher */,
				B8638778289F30D100331324 /* RxAlamofire */,
			);
			productName = willd_lol;
			productReference = B88AE9EF289E2B6B000EAD22 /* willd_lol.app */;
			productType = "com.apple.product-type.application";
		};
/* End PBXNativeTarget section */

/* Begin PBXProject section */
		B88AE9E7289E2B6B000EAD22 /* Project object */ = {
			isa = PBXProject;
			attributes = {
				BuildIndependentTargetsInParallel = 1;
				LastSwiftUpdateCheck = 1340;
				LastUpgradeCheck = 1340;
				TargetAttributes = {
					B88AE9EE289E2B6B000EAD22 = {
						CreatedOnToolsVersion = 13.4.1;
					};
				};
			};
			buildConfigurationList = B88AE9EA289E2B6B000EAD22 /* Build configuration list for PBXProject "willd_lol" */;
			compatibilityVersion = "Xcode 13.0";
			developmentRegion = en;
			hasScannedForEncodings = 0;
			knownRegions = (
				en,
				Base,
			);
			mainGroup = B88AE9E6289E2B6B000EAD22;
			packageReferences = (
				B88AEA13289E2C6C000EAD22 /* XCRemoteSwiftPackageReference "RxSwift" */,
				B88AEA1A289E2C92000EAD22 /* XCRemoteSwiftPackageReference "Alamofire" */,
				B88AEA1D289E2CB8000EAD22 /* XCRemoteSwiftPackageReference "SnapKit" */,
				B88AEA20289E2CDA000EAD22 /* XCRemoteSwiftPackageReference "Then" */,
				B88AEA23289E2CFE000EAD22 /* XCRemoteSwiftPackageReference "Kingfisher" */,
				B8638777289F30D100331324 /* XCRemoteSwiftPackageReference "RxAlamofire" */,
			);
			productRefGroup = B88AE9F0289E2B6B000EAD22 /* Products */;
			projectDirPath = "";
			projectRoot = "";
			targets = (
				B88AE9EE289E2B6B000EAD22 /* willd_lol */,
			);
		};
/* End PBXProject section */

/* Begin PBXResourcesBuildPhase section */
		B88AE9ED289E2B6B000EAD22 /* Resources */ = {
			isa = PBXResourcesBuildPhase;
			buildActionMask = 2147483647;
			files = (
				B88AE9FF289E2B6E000EAD22 /* LaunchScreen.storyboard in Resources */,
				B88AE9FC289E2B6E000EAD22 /* Assets.xcassets in Resources */,
			);
			runOnlyForDeploymentPostprocessing = 0;
		};
/* End PBXResourcesBuildPhase section */

/* Begin PBXSourcesBuildPhase section */
		B88AE9EB289E2B6B000EAD22 /* Sources */ = {
			isa = PBXSourcesBuildPhase;
			buildActionMask = 2147483647;
			files = (
				B86387D0289F744700331324 /* ChampionGoodAtPlayerApi.swift in Sources */,
				B838E04528A2941600169486 /* UIColor.swift in Sources */,
				B86387BB289F55FA00331324 /* MainRepository.swift in Sources */,
				B88AEA07289E2B8F000EAD22 /* MainTabBarController.swift in Sources */,
				B86387C3289F5D1A00331324 /* UiState.swift in Sources */,
				B838E03328A24D0F00169486 /* PlayerDetailPageData.swift in Sources */,
				B8B17D4728A13F530093AFD1 /* ImageUrlConverter.swift in Sources */,
				B86387D4289F843D00331324 /* PlayerDetailApi.swift in Sources */,
				B838E02928A24BAE00169486 /* ChampionListPageData.swift in Sources */,
				B8904A5D289FCFF90051D4E9 /* ChampionTierListApi.swift in Sources */,
				B8953E2728A3C3D500AAC1E5 /* ChampionListViewCell.swift in Sources */,
				B86387CD289F679400331324 /* ChampionCommentApi.swift in Sources */,
				B838E04228A2730A00169486 /* ChampionListViewController.swift in Sources */,
				B8953E2928A3E9EA00AAC1E5 /* HomeViewModel.swift in Sources */,
				B838E04028A272DB00169486 /* HomeViewController.swift in Sources */,
				B88AE9F3289E2B6B000EAD22 /* AppDelegate.swift in Sources */,
				B838E03528A24D2800169486 /* RankDetailPageData.swift in Sources */,
				B86387D2289F792C00331324 /* PlayerMmrRankApi.swift in Sources */,
				B838E02F28A24CC300169486 /* SearchDetailPageData.swift in Sources */,
				B8904A55289F9B8D0051D4E9 /* SearchPreview.swift in Sources */,
				B8B17D4528A0F1580093AFD1 /* ChampionDetailApi.swift in Sources */,
				B8904A59289FCB850051D4E9 /* ChampionRecommendApi.swift in Sources */,
				B86387C7289F5FF800331324 /* ChampionListApi.swift in Sources */,
				B88AEA27289E2E4D000EAD22 /* ApiService.swift in Sources */,
				B838E03128A24CFA00169486 /* ChampionDetailPageDeta.swift in Sources */,
				B838E02D28A24C2400169486 /* DetailRepository.swift in Sources */,
				B88AE9F5289E2B6B000EAD22 /* SceneDelegate.swift in Sources */,
				B8953E2528A39A3200AAC1E5 /* ChampionListViewModel.swift in Sources */,
				B86387CB289F670F00331324 /* ChampionCommentCountApi.swift in Sources */,
				B838E02728A24B6C00169486 /* HomePageData.swift in Sources */,
			);
			runOnlyForDeploymentPostprocessing = 0;
		};
/* End PBXSourcesBuildPhase section */

/* Begin PBXVariantGroup section */
		B88AE9FD289E2B6E000EAD22 /* LaunchScreen.storyboard */ = {
			isa = PBXVariantGroup;
			children = (
				B88AE9FE289E2B6E000EAD22 /* Base */,
			);
			name = LaunchScreen.storyboard;
			sourceTree = "<group>";
		};
/* End PBXVariantGroup section */

/* Begin XCBuildConfiguration section */
		B88AEA01289E2B6E000EAD22 /* Debug */ = {
			isa = XCBuildConfiguration;
			buildSettings = {
				ALWAYS_SEARCH_USER_PATHS = NO;
				CLANG_ANALYZER_NONNULL = YES;
				CLANG_ANALYZER_NUMBER_OBJECT_CONVERSION = YES_AGGRESSIVE;
				CLANG_CXX_LANGUAGE_STANDARD = "gnu++17";
				CLANG_ENABLE_MODULES = YES;
				CLANG_ENABLE_OBJC_ARC = YES;
				CLANG_ENABLE_OBJC_WEAK = YES;
				CLANG_WARN_BLOCK_CAPTURE_AUTORELEASING = YES;
				CLANG_WARN_BOOL_CONVERSION = YES;
				CLANG_WARN_COMMA = YES;
				CLANG_WARN_CONSTANT_CONVERSION = YES;
				CLANG_WARN_DEPRECATED_OBJC_IMPLEMENTATIONS = YES;
				CLANG_WARN_DIRECT_OBJC_ISA_USAGE = YES_ERROR;
				CLANG_WARN_DOCUMENTATION_COMMENTS = YES;
				CLANG_WARN_EMPTY_BODY = YES;
				CLANG_WARN_ENUM_CONVERSION = YES;
				CLANG_WARN_INFINITE_RECURSION = YES;
				CLANG_WARN_INT_CONVERSION = YES;
				CLANG_WARN_NON_LITERAL_NULL_CONVERSION = YES;
				CLANG_WARN_OBJC_IMPLICIT_RETAIN_SELF = YES;
				CLANG_WARN_OBJC_LITERAL_CONVERSION = YES;
				CLANG_WARN_OBJC_ROOT_CLASS = YES_ERROR;
				CLANG_WARN_QUOTED_INCLUDE_IN_FRAMEWORK_HEADER = YES;
				CLANG_WARN_RANGE_LOOP_ANALYSIS = YES;
				CLANG_WARN_STRICT_PROTOTYPES = YES;
				CLANG_WARN_SUSPICIOUS_MOVE = YES;
				CLANG_WARN_UNGUARDED_AVAILABILITY = YES_AGGRESSIVE;
				CLANG_WARN_UNREACHABLE_CODE = YES;
				CLANG_WARN__DUPLICATE_METHOD_MATCH = YES;
				COPY_PHASE_STRIP = NO;
				DEBUG_INFORMATION_FORMAT = dwarf;
				ENABLE_STRICT_OBJC_MSGSEND = YES;
				ENABLE_TESTABILITY = YES;
				GCC_C_LANGUAGE_STANDARD = gnu11;
				GCC_DYNAMIC_NO_PIC = NO;
				GCC_NO_COMMON_BLOCKS = YES;
				GCC_OPTIMIZATION_LEVEL = 0;
				GCC_PREPROCESSOR_DEFINITIONS = (
					"DEBUG=1",
					"$(inherited)",
				);
				GCC_WARN_64_TO_32_BIT_CONVERSION = YES;
				GCC_WARN_ABOUT_RETURN_TYPE = YES_ERROR;
				GCC_WARN_UNDECLARED_SELECTOR = YES;
				GCC_WARN_UNINITIALIZED_AUTOS = YES_AGGRESSIVE;
				GCC_WARN_UNUSED_FUNCTION = YES;
				GCC_WARN_UNUSED_VARIABLE = YES;
				IPHONEOS_DEPLOYMENT_TARGET = 15.5;
				MTL_ENABLE_DEBUG_INFO = INCLUDE_SOURCE;
				MTL_FAST_MATH = YES;
				ONLY_ACTIVE_ARCH = YES;
				SDKROOT = iphoneos;
				SWIFT_ACTIVE_COMPILATION_CONDITIONS = DEBUG;
				SWIFT_OPTIMIZATION_LEVEL = "-Onone";
			};
			name = Debug;
		};
		B88AEA02289E2B6E000EAD22 /* Release */ = {
			isa = XCBuildConfiguration;
			buildSettings = {
				ALWAYS_SEARCH_USER_PATHS = NO;
				CLANG_ANALYZER_NONNULL = YES;
				CLANG_ANALYZER_NUMBER_OBJECT_CONVERSION = YES_AGGRESSIVE;
				CLANG_CXX_LANGUAGE_STANDARD = "gnu++17";
				CLANG_ENABLE_MODULES = YES;
				CLANG_ENABLE_OBJC_ARC = YES;
				CLANG_ENABLE_OBJC_WEAK = YES;
				CLANG_WARN_BLOCK_CAPTURE_AUTORELEASING = YES;
				CLANG_WARN_BOOL_CONVERSION = YES;
				CLANG_WARN_COMMA = YES;
				CLANG_WARN_CONSTANT_CONVERSION = YES;
				CLANG_WARN_DEPRECATED_OBJC_IMPLEMENTATIONS = YES;
				CLANG_WARN_DIRECT_OBJC_ISA_USAGE = YES_ERROR;
				CLANG_WARN_DOCUMENTATION_COMMENTS = YES;
				CLANG_WARN_EMPTY_BODY = YES;
				CLANG_WARN_ENUM_CONVERSION = YES;
				CLANG_WARN_INFINITE_RECURSION = YES;
				CLANG_WARN_INT_CONVERSION = YES;
				CLANG_WARN_NON_LITERAL_NULL_CONVERSION = YES;
				CLANG_WARN_OBJC_IMPLICIT_RETAIN_SELF = YES;
				CLANG_WARN_OBJC_LITERAL_CONVERSION = YES;
				CLANG_WARN_OBJC_ROOT_CLASS = YES_ERROR;
				CLANG_WARN_QUOTED_INCLUDE_IN_FRAMEWORK_HEADER = YES;
				CLANG_WARN_RANGE_LOOP_ANALYSIS = YES;
				CLANG_WARN_STRICT_PROTOTYPES = YES;
				CLANG_WARN_SUSPICIOUS_MOVE = YES;
				CLANG_WARN_UNGUARDED_AVAILABILITY = YES_AGGRESSIVE;
				CLANG_WARN_UNREACHABLE_CODE = YES;
				CLANG_WARN__DUPLICATE_METHOD_MATCH = YES;
				COPY_PHASE_STRIP = NO;
				DEBUG_INFORMATION_FORMAT = "dwarf-with-dsym";
				ENABLE_NS_ASSERTIONS = NO;
				ENABLE_STRICT_OBJC_MSGSEND = YES;
				GCC_C_LANGUAGE_STANDARD = gnu11;
				GCC_NO_COMMON_BLOCKS = YES;
				GCC_WARN_64_TO_32_BIT_CONVERSION = YES;
				GCC_WARN_ABOUT_RETURN_TYPE = YES_ERROR;
				GCC_WARN_UNDECLARED_SELECTOR = YES;
				GCC_WARN_UNINITIALIZED_AUTOS = YES_AGGRESSIVE;
				GCC_WARN_UNUSED_FUNCTION = YES;
				GCC_WARN_UNUSED_VARIABLE = YES;
				IPHONEOS_DEPLOYMENT_TARGET = 15.5;
				MTL_ENABLE_DEBUG_INFO = NO;
				MTL_FAST_MATH = YES;
				SDKROOT = iphoneos;
				SWIFT_COMPILATION_MODE = wholemodule;
				SWIFT_OPTIMIZATION_LEVEL = "-O";
				VALIDATE_PRODUCT = YES;
			};
			name = Release;
		};
		B88AEA04289E2B6E000EAD22 /* Debug */ = {
			isa = XCBuildConfiguration;
			buildSettings = {
				ASSETCATALOG_COMPILER_APPICON_NAME = AppIcon;
				ASSETCATALOG_COMPILER_GLOBAL_ACCENT_COLOR_NAME = AccentColor;
				CODE_SIGN_STYLE = Automatic;
				CURRENT_PROJECT_VERSION = 1;
				GENERATE_INFOPLIST_FILE = YES;
				INFOPLIST_FILE = willd_lol/Info.plist;
				INFOPLIST_KEY_UIApplicationSupportsIndirectInputEvents = YES;
				INFOPLIST_KEY_UILaunchStoryboardName = LaunchScreen;
				INFOPLIST_KEY_UISupportedInterfaceOrientations_iPad = "UIInterfaceOrientationPortrait UIInterfaceOrientationPortraitUpsideDown UIInterfaceOrientationLandscapeLeft UIInterfaceOrientationLandscapeRight";
				INFOPLIST_KEY_UISupportedInterfaceOrientations_iPhone = "UIInterfaceOrientationPortrait UIInterfaceOrientationLandscapeLeft UIInterfaceOrientationLandscapeRight";
				LD_RUNPATH_SEARCH_PATHS = (
					"$(inherited)",
					"@executable_path/Frameworks",
				);
				MARKETING_VERSION = 1.0;
				PRODUCT_BUNDLE_IDENTIFIER = "com.will-d.willd-lol";
				PRODUCT_NAME = "$(TARGET_NAME)";
				SWIFT_EMIT_LOC_STRINGS = YES;
				SWIFT_VERSION = 5.0;
				TARGETED_DEVICE_FAMILY = "1,2";
			};
			name = Debug;
		};
		B88AEA05289E2B6E000EAD22 /* Release */ = {
			isa = XCBuildConfiguration;
			buildSettings = {
				ASSETCATALOG_COMPILER_APPICON_NAME = AppIcon;
				ASSETCATALOG_COMPILER_GLOBAL_ACCENT_COLOR_NAME = AccentColor;
				CODE_SIGN_STYLE = Automatic;
				CURRENT_PROJECT_VERSION = 1;
				GENERATE_INFOPLIST_FILE = YES;
				INFOPLIST_FILE = willd_lol/Info.plist;
				INFOPLIST_KEY_UIApplicationSupportsIndirectInputEvents = YES;
				INFOPLIST_KEY_UILaunchStoryboardName = LaunchScreen;
				INFOPLIST_KEY_UISupportedInterfaceOrientations_iPad = "UIInterfaceOrientationPortrait UIInterfaceOrientationPortraitUpsideDown UIInterfaceOrientationLandscapeLeft UIInterfaceOrientationLandscapeRight";
				INFOPLIST_KEY_UISupportedInterfaceOrientations_iPhone = "UIInterfaceOrientationPortrait UIInterfaceOrientationLandscapeLeft UIInterfaceOrientationLandscapeRight";
				LD_RUNPATH_SEARCH_PATHS = (
					"$(inherited)",
					"@executable_path/Frameworks",
				);
				MARKETING_VERSION = 1.0;
				PRODUCT_BUNDLE_IDENTIFIER = "com.will-d.willd-lol";
				PRODUCT_NAME = "$(TARGET_NAME)";
				SWIFT_EMIT_LOC_STRINGS = YES;
				SWIFT_VERSION = 5.0;
				TARGETED_DEVICE_FAMILY = "1,2";
			};
			name = Release;
		};
/* End XCBuildConfiguration section */

/* Begin XCConfigurationList section */
		B88AE9EA289E2B6B000EAD22 /* Build configuration list for PBXProject "willd_lol" */ = {
			isa = XCConfigurationList;
			buildConfigurations = (
				B88AEA01289E2B6E000EAD22 /* Debug */,
				B88AEA02289E2B6E000EAD22 /* Release */,
			);
			defaultConfigurationIsVisible = 0;
			defaultConfigurationName = Release;
		};
		B88AEA03289E2B6E000EAD22 /* Build configuration list for PBXNativeTarget "willd_lol" */ = {
			isa = XCConfigurationList;
			buildConfigurations = (
				B88AEA04289E2B6E000EAD22 /* Debug */,
				B88AEA05289E2B6E000EAD22 /* Release */,
			);
			defaultConfigurationIsVisible = 0;
			defaultConfigurationName = Release;
		};
/* End XCConfigurationList section */

/* Begin XCRemoteSwiftPackageReference section */
		B8638777289F30D100331324 /* XCRemoteSwiftPackageReference "RxAlamofire" */ = {
			isa = XCRemoteSwiftPackageReference;
			repositoryURL = "https://github.com/RxSwiftCommunity/RxAlamofire";
			requirement = {
				branch = main;
				kind = branch;
			};
		};
		B88AEA13289E2C6C000EAD22 /* XCRemoteSwiftPackageReference "RxSwift" */ = {
			isa = XCRemoteSwiftPackageReference;
			repositoryURL = "https://github.com/ReactiveX/RxSwift";
			requirement = {
				branch = main;
				kind = branch;
			};
		};
		B88AEA1A289E2C92000EAD22 /* XCRemoteSwiftPackageReference "Alamofire" */ = {
			isa = XCRemoteSwiftPackageReference;
			repositoryURL = "https://github.com/Alamofire/Alamofire";
			requirement = {
				branch = master;
				kind = branch;
			};
		};
		B88AEA1D289E2CB8000EAD22 /* XCRemoteSwiftPackageReference "SnapKit" */ = {
			isa = XCRemoteSwiftPackageReference;
			repositoryURL = "https://github.com/SnapKit/SnapKit";
			requirement = {
				branch = develop;
				kind = branch;
			};
		};
		B88AEA20289E2CDA000EAD22 /* XCRemoteSwiftPackageReference "Then" */ = {
			isa = XCRemoteSwiftPackageReference;
			repositoryURL = "https://github.com/devxoul/Then";
			requirement = {
				branch = master;
				kind = branch;
			};
		};
		B88AEA23289E2CFE000EAD22 /* XCRemoteSwiftPackageReference "Kingfisher" */ = {
			isa = XCRemoteSwiftPackageReference;
			repositoryURL = "https://github.com/onevcat/Kingfisher";
			requirement = {
				branch = master;
				kind = branch;
			};
		};
/* End XCRemoteSwiftPackageReference section */

/* Begin XCSwiftPackageProductDependency section */
		B8638778289F30D100331324 /* RxAlamofire */ = {
			isa = XCSwiftPackageProductDependency;
			package = B8638777289F30D100331324 /* XCRemoteSwiftPackageReference "RxAlamofire" */;
			productName = RxAlamofire;
		};
		B88AEA14289E2C6C000EAD22 /* RxCocoa */ = {
			isa = XCSwiftPackageProductDependency;
			package = B88AEA13289E2C6C000EAD22 /* XCRemoteSwiftPackageReference "RxSwift" */;
			productName = RxCocoa;
		};
		B88AEA16289E2C6C000EAD22 /* RxRelay */ = {
			isa = XCSwiftPackageProductDependency;
			package = B88AEA13289E2C6C000EAD22 /* XCRemoteSwiftPackageReference "RxSwift" */;
			productName = RxRelay;
		};
		B88AEA18289E2C6C000EAD22 /* RxSwift */ = {
			isa = XCSwiftPackageProductDependency;
			package = B88AEA13289E2C6C000EAD22 /* XCRemoteSwiftPackageReference "RxSwift" */;
			productName = RxSwift;
		};
		B88AEA1B289E2C92000EAD22 /* Alamofire */ = {
			isa = XCSwiftPackageProductDependency;
			package = B88AEA1A289E2C92000EAD22 /* XCRemoteSwiftPackageReference "Alamofire" */;
			productName = Alamofire;
		};
		B88AEA1E289E2CB8000EAD22 /* SnapKit */ = {
			isa = XCSwiftPackageProductDependency;
			package = B88AEA1D289E2CB8000EAD22 /* XCRemoteSwiftPackageReference "SnapKit" */;
			productName = SnapKit;
		};
		B88AEA21289E2CDA000EAD22 /* Then */ = {
			isa = XCSwiftPackageProductDependency;
			package = B88AEA20289E2CDA000EAD22 /* XCRemoteSwiftPackageReference "Then" */;
			productName = Then;
		};
		B88AEA24289E2CFE000EAD22 /* Kingfisher */ = {
			isa = XCSwiftPackageProductDependency;
			package = B88AEA23289E2CFE000EAD22 /* XCRemoteSwiftPackageReference "Kingfisher" */;
			productName = Kingfisher;
		};
/* End XCSwiftPackageProductDependency section */
	};
	rootObject = B88AE9E7289E2B6B000EAD22 /* Project object */;
}
